Microsoft Visual Studio Solution File, Format Version 12.00
# Visual Studio 15
VisualStudioVersion = 15.0.27004.2010
MinimumVisualStudioVersion = 10.0.40219.1
Project("{FAE04EC0-301F-11D3-BF4B-00C04F79EFBC}") = "blis.Core", "blis.Core\blis.Core.csproj", "{3EA1384A-9DD7-4F6E-9A44-1A28280493F9}"
EndProject
Project("{FAE04EC0-301F-11D3-BF4B-00C04F79EFBC}") = "CefGlue", "CefGlue\CefGlue.csproj", "{703FF300-34B9-48D4-A5D6-E741F48D5F95}"
EndProject
Project("{FAE04EC0-301F-11D3-BF4B-00C04F79EFBC}") = "blis.Linux", "blis.Linux\blis.Linux.csproj", "{DAA77BD6-3CF4-4791-B802-B01DF51DBFFB}"
EndProject
Project("{FAE04EC0-301F-11D3-BF4B-00C04F79EFBC}") = "blis.Windows", "blis.Windows\blis.Windows.csproj", "{67BFC3E0-84F0-418E-9903-FE3631A82F3D}"
EndProject
Project("{FAE04EC0-301F-11D3-BF4B-00C04F79EFBC}") = "xsharp", "ThirdParty\xsharp\xsharp\xsharp.csproj", "{325E20D0-EAC3-4094-A2A0-E59629B71502}"
EndProject
Project("{FAE04EC0-301F-11D3-BF4B-00C04F79EFBC}") = "BouncyCastle", "ThirdParty\bc-csharp\crypto\BouncyCastle.csproj", "{4C235092-820C-4DEB-9074-D356FB797D8B}"
EndProject
Project("{FAE04EC0-301F-11D3-BF4B-00C04F79EFBC}") = "PdfSharp", "ThirdParty\PdfSharp\PdfSharp\PdfSharp.csproj", "{5A6055BC-BF86-4FDD-9F62-0109DB7A303B}"
EndProject
Project("{FAE04EC0-301F-11D3-BF4B-00C04F79EFBC}") = "PdfSharp.Charting", "ThirdParty\PdfSharp\PdfSharp.Charting\PdfSharp.Charting.csproj", "{6F98A822-41B0-4C7A-85A6-E95C1D3E88EF}"
EndProject
Project("{FAE04EC0-301F-11D3-BF4B-00C04F79EFBC}") = "MySql.Data", "ThirdParty\mysql-connector-net-6.9.9-src\Source\MySql.Data\MySql.Data.csproj", "{E9DF5ED1-4CBD-4226-B931-9A51610AC14D}"
EndProject
Project("{FAE04EC0-301F-11D3-BF4B-00C04F79EFBC}") = "SerialPortStream-net45", "ThirdParty\SerialPortStream-2.x\code\SerialPortStream-net45.csproj", "{CEA01148-CD2E-4F29-B455-B557B9B4C6D4}"
EndProject
Project("{FAE04EC0-301F-11D3-BF4B-00C04F79EFBC}") = "Simplexcel", "ThirdParty\Simplexcel\Simplexcel.csproj", "{34439F5A-D35F-4E70-AB60-A99BC6C12E59}"
EndProject
Project("{FAE04EC0-301F-11D3-BF4B-00C04F79EFBC}") = "V8.Net.MonoDevelop", "ThirdParty\v8dotnet\V8.Net\V8.Net.MonoDevelop.csproj", "{C898E990-54EB-40AC-9408-E416A838EC77}"
EndProject
Project("{FAE04EC0-301F-11D3-BF4B-00C04F79EFBC}") = "V8.Net.Loader", "ThirdParty\v8dotnet\V8.Net.Loader\V8.Net.Loader.csproj", "{40277739-C6D1-4620-8B05-41B02C3A1EFC}"
EndProject
Project("{FAE04EC0-301F-11D3-BF4B-00C04F79EFBC}") = "V8.Net-ProxyInterface.MonoDevelop", "ThirdParty\v8dotnet\V8.NET-ProxyInterface\V8.Net-ProxyInterface.MonoDevelop.csproj", "{355737A7-E486-4D4C-AA5B-DE432C23AEEE}"
EndProject
Project("{FAE04EC0-301F-11D3-BF4B-00C04F79EFBC}") = "V8.Net-ProxyInterface-x64", "ThirdParty\v8dotnet\V8.NET-ProxyInterface\V8.Net-ProxyInterface-x64.csproj", "{C6ABB6D8-97A2-4ECF-889F-823E891D798B}"
EndProject
Project("{FAE04EC0-301F-11D3-BF4B-00C04F79EFBC}") = "V8.Net-ProxyInterface-x86", "ThirdParty\v8dotnet\V8.NET-ProxyInterface\V8.Net-ProxyInterface-x86.csproj", "{BAEB5060-C5E5-4EC9-BB9D-30400835CF39}"
EndProject
Project("{FAE04EC0-301F-11D3-BF4B-00C04F79EFBC}") = "V8.Net-SharedTypes.MonoDevelop", "ThirdParty\v8dotnet\V8.Net-SharedTypes\V8.Net-SharedTypes.MonoDevelop.csproj", "{2155327D-386A-4F80-81FB-918A4442C834}"
EndProject
Project("{FAE04EC0-301F-11D3-BF4B-00C04F79EFBC}") = "Zip DLL", "ThirdParty\dotnetzip\Zip\Zip DLL.csproj", "{D3B0AD67-44D8-4B3D-BED9-CE1FD6DE2C5A}"
EndProject
Project("{FAE04EC0-301F-11D3-BF4B-00C04F79EFBC}") = "blis.Web.Core", "blis.Web.Core\blis.Web.Core.csproj", "{5F6579BD-8BC2-4680-902D-A06B362D600A}"
EndProject
Project("{FAE04EC0-301F-11D3-BF4B-00C04F79EFBC}") = "blis", "blis\blis.csproj", "{84054FF4-9321-41E7-B377-AFEEC402BA22}"
EndProject
Project("{FAE04EC0-301F-11D3-BF4B-00C04F79EFBC}") = "websocket-sharp", "ThirdParty\websocket-sharp\websocket-sharp\websocket-sharp.csproj", "{B357BAC7-529E-4D81-A0D2-71041B19C8DE}"
EndProject
Global
	GlobalSection(SolutionConfigurationPlatforms) = preSolution
		Debug_Ubuntu|Any CPU = Debug_Ubuntu|Any CPU
		Debug_Ubuntu|x64 = Debug_Ubuntu|x64
		Debug_Ubuntu|x86 = Debug_Ubuntu|x86
		Debug|Any CPU = Debug|Any CPU
		Debug|x64 = Debug|x64
		Debug|x86 = Debug|x86
		Release_Ubuntu|Any CPU = Release_Ubuntu|Any CPU
		Release_Ubuntu|x64 = Release_Ubuntu|x64
		Release_Ubuntu|x86 = Release_Ubuntu|x86
		Release|Any CPU = Release|Any CPU
		Release|x64 = Release|x64
		Release|x86 = Release|x86
		ReleaseNET40_Only|Any CPU = ReleaseNET40_Only|Any CPU
		ReleaseNET40_Only|x64 = ReleaseNET40_Only|x64
		ReleaseNET40_Only|x86 = ReleaseNET40_Only|x86
		Signed_Release|Any CPU = Signed_Release|Any CPU
		Signed_Release|x64 = Signed_Release|x64
		Signed_Release|x86 = Signed_Release|x86
	EndGlobalSection
	GlobalSection(ProjectConfigurationPlatforms) = postSolution
		{3EA1384A-9DD7-4F6E-9A44-1A28280493F9}.Debug_Ubuntu|Any CPU.ActiveCfg = Debug|Any CPU
		{3EA1384A-9DD7-4F6E-9A44-1A28280493F9}.Debug_Ubuntu|Any CPU.Build.0 = Debug|Any CPU
		{3EA1384A-9DD7-4F6E-9A44-1A28280493F9}.Debug_Ubuntu|x64.ActiveCfg = Debug|x64
		{3EA1384A-9DD7-4F6E-9A44-1A28280493F9}.Debug_Ubuntu|x64.Build.0 = Debug|x64
		{3EA1384A-9DD7-4F6E-9A44-1A28280493F9}.Debug_Ubuntu|x86.ActiveCfg = Debug|Any CPU
		{3EA1384A-9DD7-4F6E-9A44-1A28280493F9}.Debug_Ubuntu|x86.Build.0 = Debug|Any CPU
		{3EA1384A-9DD7-4F6E-9A44-1A28280493F9}.Debug|Any CPU.ActiveCfg = Debug|Any CPU
		{3EA1384A-9DD7-4F6E-9A44-1A28280493F9}.Debug|Any CPU.Build.0 = Debug|Any CPU
		{3EA1384A-9DD7-4F6E-9A44-1A28280493F9}.Debug|x64.ActiveCfg = Debug|x64
		{3EA1384A-9DD7-4F6E-9A44-1A28280493F9}.Debug|x64.Build.0 = Debug|x64
		{3EA1384A-9DD7-4F6E-9A44-1A28280493F9}.Debug|x86.ActiveCfg = Debug|Any CPU
		{3EA1384A-9DD7-4F6E-9A44-1A28280493F9}.Debug|x86.Build.0 = Debug|Any CPU
		{3EA1384A-9DD7-4F6E-9A44-1A28280493F9}.Release_Ubuntu|Any CPU.ActiveCfg = Debug|Any CPU
		{3EA1384A-9DD7-4F6E-9A44-1A28280493F9}.Release_Ubuntu|Any CPU.Build.0 = Debug|Any CPU
		{3EA1384A-9DD7-4F6E-9A44-1A28280493F9}.Release_Ubuntu|x64.ActiveCfg = Release|x64
		{3EA1384A-9DD7-4F6E-9A44-1A28280493F9}.Release_Ubuntu|x64.Build.0 = Release|x64
		{3EA1384A-9DD7-4F6E-9A44-1A28280493F9}.Release_Ubuntu|x86.ActiveCfg = Release|Any CPU
		{3EA1384A-9DD7-4F6E-9A44-1A28280493F9}.Release_Ubuntu|x86.Build.0 = Release|Any CPU
		{3EA1384A-9DD7-4F6E-9A44-1A28280493F9}.Release|Any CPU.ActiveCfg = Release|Any CPU
		{3EA1384A-9DD7-4F6E-9A44-1A28280493F9}.Release|Any CPU.Build.0 = Release|Any CPU
		{3EA1384A-9DD7-4F6E-9A44-1A28280493F9}.Release|x64.ActiveCfg = Release|x64
		{3EA1384A-9DD7-4F6E-9A44-1A28280493F9}.Release|x64.Build.0 = Release|x64
		{3EA1384A-9DD7-4F6E-9A44-1A28280493F9}.Release|x86.ActiveCfg = Release|Any CPU
		{3EA1384A-9DD7-4F6E-9A44-1A28280493F9}.Release|x86.Build.0 = Release|Any CPU
		{3EA1384A-9DD7-4F6E-9A44-1A28280493F9}.ReleaseNET40_Only|Any CPU.ActiveCfg = Release|Any CPU
		{3EA1384A-9DD7-4F6E-9A44-1A28280493F9}.ReleaseNET40_Only|Any CPU.Build.0 = Release|Any CPU
		{3EA1384A-9DD7-4F6E-9A44-1A28280493F9}.ReleaseNET40_Only|x64.ActiveCfg = Release|x64
		{3EA1384A-9DD7-4F6E-9A44-1A28280493F9}.ReleaseNET40_Only|x64.Build.0 = Release|x64
		{3EA1384A-9DD7-4F6E-9A44-1A28280493F9}.ReleaseNET40_Only|x86.ActiveCfg = Release|Any CPU
		{3EA1384A-9DD7-4F6E-9A44-1A28280493F9}.ReleaseNET40_Only|x86.Build.0 = Release|Any CPU
		{3EA1384A-9DD7-4F6E-9A44-1A28280493F9}.Signed_Release|Any CPU.ActiveCfg = Release|Any CPU
		{3EA1384A-9DD7-4F6E-9A44-1A28280493F9}.Signed_Release|Any CPU.Build.0 = Release|Any CPU
		{3EA1384A-9DD7-4F6E-9A44-1A28280493F9}.Signed_Release|x64.ActiveCfg = Release|x64
		{3EA1384A-9DD7-4F6E-9A44-1A28280493F9}.Signed_Release|x64.Build.0 = Release|x64
		{3EA1384A-9DD7-4F6E-9A44-1A28280493F9}.Signed_Release|x86.ActiveCfg = Release|Any CPU
		{3EA1384A-9DD7-4F6E-9A44-1A28280493F9}.Signed_Release|x86.Build.0 = Release|Any CPU
		{703FF300-34B9-48D4-A5D6-E741F48D5F95}.Debug_Ubuntu|Any CPU.ActiveCfg = Debug|Any CPU
		{703FF300-34B9-48D4-A5D6-E741F48D5F95}.Debug_Ubuntu|Any CPU.Build.0 = Debug|Any CPU
		{703FF300-34B9-48D4-A5D6-E741F48D5F95}.Debug_Ubuntu|x64.ActiveCfg = Debug|x64
		{703FF300-34B9-48D4-A5D6-E741F48D5F95}.Debug_Ubuntu|x64.Build.0 = Debug|x64
		{703FF300-34B9-48D4-A5D6-E741F48D5F95}.Debug_Ubuntu|x86.ActiveCfg = Debug|Any CPU
		{703FF300-34B9-48D4-A5D6-E741F48D5F95}.Debug_Ubuntu|x86.Build.0 = Debug|Any CPU
		{703FF300-34B9-48D4-A5D6-E741F48D5F95}.Debug|Any CPU.ActiveCfg = Debug|Any CPU
		{703FF300-34B9-48D4-A5D6-E741F48D5F95}.Debug|Any CPU.Build.0 = Debug|Any CPU
		{703FF300-34B9-48D4-A5D6-E741F48D5F95}.Debug|x64.ActiveCfg = Debug|x64
		{703FF300-34B9-48D4-A5D6-E741F48D5F95}.Debug|x64.Build.0 = Debug|x64
		{703FF300-34B9-48D4-A5D6-E741F48D5F95}.Debug|x86.ActiveCfg = Debug|Any CPU
		{703FF300-34B9-48D4-A5D6-E741F48D5F95}.Debug|x86.Build.0 = Debug|Any CPU
		{703FF300-34B9-48D4-A5D6-E741F48D5F95}.Release_Ubuntu|Any CPU.ActiveCfg = Debug|Any CPU
		{703FF300-34B9-48D4-A5D6-E741F48D5F95}.Release_Ubuntu|Any CPU.Build.0 = Debug|Any CPU
		{703FF300-34B9-48D4-A5D6-E741F48D5F95}.Release_Ubuntu|x64.ActiveCfg = Release|x64
		{703FF300-34B9-48D4-A5D6-E741F48D5F95}.Release_Ubuntu|x64.Build.0 = Release|x64
		{703FF300-34B9-48D4-A5D6-E741F48D5F95}.Release_Ubuntu|x86.ActiveCfg = Release|Any CPU
		{703FF300-34B9-48D4-A5D6-E741F48D5F95}.Release_Ubuntu|x86.Build.0 = Release|Any CPU
		{703FF300-34B9-48D4-A5D6-E741F48D5F95}.Release|Any CPU.ActiveCfg = Release|Any CPU
		{703FF300-34B9-48D4-A5D6-E741F48D5F95}.Release|Any CPU.Build.0 = Release|Any CPU
		{703FF300-34B9-48D4-A5D6-E741F48D5F95}.Release|x64.ActiveCfg = Release|x64
		{703FF300-34B9-48D4-A5D6-E741F48D5F95}.Release|x64.Build.0 = Release|x64
		{703FF300-34B9-48D4-A5D6-E741F48D5F95}.Release|x86.ActiveCfg = Release|Any CPU
		{703FF300-34B9-48D4-A5D6-E741F48D5F95}.Release|x86.Build.0 = Release|Any CPU
		{703FF300-34B9-48D4-A5D6-E741F48D5F95}.ReleaseNET40_Only|Any CPU.ActiveCfg = Release|Any CPU
		{703FF300-34B9-48D4-A5D6-E741F48D5F95}.ReleaseNET40_Only|Any CPU.Build.0 = Release|Any CPU
		{703FF300-34B9-48D4-A5D6-E741F48D5F95}.ReleaseNET40_Only|x64.ActiveCfg = Release|x64
		{703FF300-34B9-48D4-A5D6-E741F48D5F95}.ReleaseNET40_Only|x64.Build.0 = Release|x64
		{703FF300-34B9-48D4-A5D6-E741F48D5F95}.ReleaseNET40_Only|x86.ActiveCfg = Release|Any CPU
		{703FF300-34B9-48D4-A5D6-E741F48D5F95}.ReleaseNET40_Only|x86.Build.0 = Release|Any CPU
		{703FF300-34B9-48D4-A5D6-E741F48D5F95}.Signed_Release|Any CPU.ActiveCfg = Release|Any CPU
		{703FF300-34B9-48D4-A5D6-E741F48D5F95}.Signed_Release|Any CPU.Build.0 = Release|Any CPU
		{703FF300-34B9-48D4-A5D6-E741F48D5F95}.Signed_Release|x64.ActiveCfg = Release|x64
		{703FF300-34B9-48D4-A5D6-E741F48D5F95}.Signed_Release|x64.Build.0 = Release|x64
		{703FF300-34B9-48D4-A5D6-E741F48D5F95}.Signed_Release|x86.ActiveCfg = Release|Any CPU
		{703FF300-34B9-48D4-A5D6-E741F48D5F95}.Signed_Release|x86.Build.0 = Release|Any CPU
		{DAA77BD6-3CF4-4791-B802-B01DF51DBFFB}.Debug_Ubuntu|Any CPU.ActiveCfg = Debug|Any CPU
		{DAA77BD6-3CF4-4791-B802-B01DF51DBFFB}.Debug_Ubuntu|Any CPU.Build.0 = Debug|Any CPU
		{DAA77BD6-3CF4-4791-B802-B01DF51DBFFB}.Debug_Ubuntu|x64.ActiveCfg = Debug|x64
		{DAA77BD6-3CF4-4791-B802-B01DF51DBFFB}.Debug_Ubuntu|x64.Build.0 = Debug|x64
		{DAA77BD6-3CF4-4791-B802-B01DF51DBFFB}.Debug_Ubuntu|x86.ActiveCfg = Debug|Any CPU
		{DAA77BD6-3CF4-4791-B802-B01DF51DBFFB}.Debug_Ubuntu|x86.Build.0 = Debug|Any CPU
		{DAA77BD6-3CF4-4791-B802-B01DF51DBFFB}.Debug|Any CPU.ActiveCfg = Debug|Any CPU
		{DAA77BD6-3CF4-4791-B802-B01DF51DBFFB}.Debug|Any CPU.Build.0 = Debug|Any CPU
		{DAA77BD6-3CF4-4791-B802-B01DF51DBFFB}.Debug|x64.ActiveCfg = Debug|x64
		{DAA77BD6-3CF4-4791-B802-B01DF51DBFFB}.Debug|x64.Build.0 = Debug|x64
		{DAA77BD6-3CF4-4791-B802-B01DF51DBFFB}.Debug|x86.ActiveCfg = Debug|Any CPU
		{DAA77BD6-3CF4-4791-B802-B01DF51DBFFB}.Debug|x86.Build.0 = Debug|Any CPU
		{DAA77BD6-3CF4-4791-B802-B01DF51DBFFB}.Release_Ubuntu|Any CPU.ActiveCfg = Debug|Any CPU
		{DAA77BD6-3CF4-4791-B802-B01DF51DBFFB}.Release_Ubuntu|Any CPU.Build.0 = Debug|Any CPU
		{DAA77BD6-3CF4-4791-B802-B01DF51DBFFB}.Release_Ubuntu|x64.ActiveCfg = Release|x64
		{DAA77BD6-3CF4-4791-B802-B01DF51DBFFB}.Release_Ubuntu|x64.Build.0 = Release|x64
		{DAA77BD6-3CF4-4791-B802-B01DF51DBFFB}.Release_Ubuntu|x86.ActiveCfg = Release|Any CPU
		{DAA77BD6-3CF4-4791-B802-B01DF51DBFFB}.Release_Ubuntu|x86.Build.0 = Release|Any CPU
		{DAA77BD6-3CF4-4791-B802-B01DF51DBFFB}.Release|Any CPU.ActiveCfg = Release|Any CPU
		{DAA77BD6-3CF4-4791-B802-B01DF51DBFFB}.Release|Any CPU.Build.0 = Release|Any CPU
		{DAA77BD6-3CF4-4791-B802-B01DF51DBFFB}.Release|x64.ActiveCfg = Release|x64
		{DAA77BD6-3CF4-4791-B802-B01DF51DBFFB}.Release|x64.Build.0 = Release|x64
		{DAA77BD6-3CF4-4791-B802-B01DF51DBFFB}.Release|x86.ActiveCfg = Release|Any CPU
		{DAA77BD6-3CF4-4791-B802-B01DF51DBFFB}.Release|x86.Build.0 = Release|Any CPU
		{DAA77BD6-3CF4-4791-B802-B01DF51DBFFB}.ReleaseNET40_Only|Any CPU.ActiveCfg = Release|Any CPU
		{DAA77BD6-3CF4-4791-B802-B01DF51DBFFB}.ReleaseNET40_Only|Any CPU.Build.0 = Release|Any CPU
		{DAA77BD6-3CF4-4791-B802-B01DF51DBFFB}.ReleaseNET40_Only|x64.ActiveCfg = Release|x64
		{DAA77BD6-3CF4-4791-B802-B01DF51DBFFB}.ReleaseNET40_Only|x64.Build.0 = Release|x64
		{DAA77BD6-3CF4-4791-B802-B01DF51DBFFB}.ReleaseNET40_Only|x86.ActiveCfg = Release|Any CPU
		{DAA77BD6-3CF4-4791-B802-B01DF51DBFFB}.ReleaseNET40_Only|x86.Build.0 = Release|Any CPU
		{DAA77BD6-3CF4-4791-B802-B01DF51DBFFB}.Signed_Release|Any CPU.ActiveCfg = Release|Any CPU
		{DAA77BD6-3CF4-4791-B802-B01DF51DBFFB}.Signed_Release|Any CPU.Build.0 = Release|Any CPU
		{DAA77BD6-3CF4-4791-B802-B01DF51DBFFB}.Signed_Release|x64.ActiveCfg = Release|x64
		{DAA77BD6-3CF4-4791-B802-B01DF51DBFFB}.Signed_Release|x64.Build.0 = Release|x64
		{DAA77BD6-3CF4-4791-B802-B01DF51DBFFB}.Signed_Release|x86.ActiveCfg = Release|Any CPU
		{DAA77BD6-3CF4-4791-B802-B01DF51DBFFB}.Signed_Release|x86.Build.0 = Release|Any CPU
		{67BFC3E0-84F0-418E-9903-FE3631A82F3D}.Debug_Ubuntu|Any CPU.ActiveCfg = Debug|Any CPU
		{67BFC3E0-84F0-418E-9903-FE3631A82F3D}.Debug_Ubuntu|Any CPU.Build.0 = Debug|Any CPU
		{67BFC3E0-84F0-418E-9903-FE3631A82F3D}.Debug_Ubuntu|x64.ActiveCfg = Debug|x64
		{67BFC3E0-84F0-418E-9903-FE3631A82F3D}.Debug_Ubuntu|x64.Build.0 = Debug|x64
		{67BFC3E0-84F0-418E-9903-FE3631A82F3D}.Debug_Ubuntu|x86.ActiveCfg = Debug|Any CPU
		{67BFC3E0-84F0-418E-9903-FE3631A82F3D}.Debug_Ubuntu|x86.Build.0 = Debug|Any CPU
		{67BFC3E0-84F0-418E-9903-FE3631A82F3D}.Debug|Any CPU.ActiveCfg = Debug|Any CPU
		{67BFC3E0-84F0-418E-9903-FE3631A82F3D}.Debug|Any CPU.Build.0 = Debug|Any CPU
		{67BFC3E0-84F0-418E-9903-FE3631A82F3D}.Debug|x64.ActiveCfg = Debug|x64
		{67BFC3E0-84F0-418E-9903-FE3631A82F3D}.Debug|x64.Build.0 = Debug|x64
		{67BFC3E0-84F0-418E-9903-FE3631A82F3D}.Debug|x86.ActiveCfg = Debug|Any CPU
		{67BFC3E0-84F0-418E-9903-FE3631A82F3D}.Debug|x86.Build.0 = Debug|Any CPU
		{67BFC3E0-84F0-418E-9903-FE3631A82F3D}.Release_Ubuntu|Any CPU.ActiveCfg = Debug|Any CPU
		{67BFC3E0-84F0-418E-9903-FE3631A82F3D}.Release_Ubuntu|Any CPU.Build.0 = Debug|Any CPU
		{67BFC3E0-84F0-418E-9903-FE3631A82F3D}.Release_Ubuntu|x64.ActiveCfg = Release|x64
		{67BFC3E0-84F0-418E-9903-FE3631A82F3D}.Release_Ubuntu|x64.Build.0 = Release|x64
		{67BFC3E0-84F0-418E-9903-FE3631A82F3D}.Release_Ubuntu|x86.ActiveCfg = Release|Any CPU
		{67BFC3E0-84F0-418E-9903-FE3631A82F3D}.Release_Ubuntu|x86.Build.0 = Release|Any CPU
		{67BFC3E0-84F0-418E-9903-FE3631A82F3D}.Release|Any CPU.ActiveCfg = Release|Any CPU
		{67BFC3E0-84F0-418E-9903-FE3631A82F3D}.Release|Any CPU.Build.0 = Release|Any CPU
		{67BFC3E0-84F0-418E-9903-FE3631A82F3D}.Release|x64.ActiveCfg = Release|x64
		{67BFC3E0-84F0-418E-9903-FE3631A82F3D}.Release|x64.Build.0 = Release|x64
		{67BFC3E0-84F0-418E-9903-FE3631A82F3D}.Release|x86.ActiveCfg = Release|Any CPU
		{67BFC3E0-84F0-418E-9903-FE3631A82F3D}.Release|x86.Build.0 = Release|Any CPU
		{67BFC3E0-84F0-418E-9903-FE3631A82F3D}.ReleaseNET40_Only|Any CPU.ActiveCfg = Release|Any CPU
		{67BFC3E0-84F0-418E-9903-FE3631A82F3D}.ReleaseNET40_Only|Any CPU.Build.0 = Release|Any CPU
		{67BFC3E0-84F0-418E-9903-FE3631A82F3D}.ReleaseNET40_Only|x64.ActiveCfg = Release|x64
		{67BFC3E0-84F0-418E-9903-FE3631A82F3D}.ReleaseNET40_Only|x64.Build.0 = Release|x64
		{67BFC3E0-84F0-418E-9903-FE3631A82F3D}.ReleaseNET40_Only|x86.ActiveCfg = Release|Any CPU
		{67BFC3E0-84F0-418E-9903-FE3631A82F3D}.ReleaseNET40_Only|x86.Build.0 = Release|Any CPU
		{67BFC3E0-84F0-418E-9903-FE3631A82F3D}.Signed_Release|Any CPU.ActiveCfg = Release|Any CPU
		{67BFC3E0-84F0-418E-9903-FE3631A82F3D}.Signed_Release|Any CPU.Build.0 = Release|Any CPU
		{67BFC3E0-84F0-418E-9903-FE3631A82F3D}.Signed_Release|x64.ActiveCfg = Release|x64
		{67BFC3E0-84F0-418E-9903-FE3631A82F3D}.Signed_Release|x64.Build.0 = Release|x64
		{67BFC3E0-84F0-418E-9903-FE3631A82F3D}.Signed_Release|x86.ActiveCfg = Release|Any CPU
		{67BFC3E0-84F0-418E-9903-FE3631A82F3D}.Signed_Release|x86.Build.0 = Release|Any CPU
		{325E20D0-EAC3-4094-A2A0-E59629B71502}.Debug_Ubuntu|Any CPU.ActiveCfg = Debug|Any CPU
		{325E20D0-EAC3-4094-A2A0-E59629B71502}.Debug_Ubuntu|Any CPU.Build.0 = Debug|Any CPU
		{325E20D0-EAC3-4094-A2A0-E59629B71502}.Debug_Ubuntu|x64.ActiveCfg = Debug|x64
		{325E20D0-EAC3-4094-A2A0-E59629B71502}.Debug_Ubuntu|x64.Build.0 = Debug|x64
		{325E20D0-EAC3-4094-A2A0-E59629B71502}.Debug_Ubuntu|x86.ActiveCfg = Debug|Any CPU
		{325E20D0-EAC3-4094-A2A0-E59629B71502}.Debug_Ubuntu|x86.Build.0 = Debug|Any CPU
		{325E20D0-EAC3-4094-A2A0-E59629B71502}.Debug|Any CPU.ActiveCfg = Debug|Any CPU
		{325E20D0-EAC3-4094-A2A0-E59629B71502}.Debug|Any CPU.Build.0 = Debug|Any CPU
		{325E20D0-EAC3-4094-A2A0-E59629B71502}.Debug|x64.ActiveCfg = Debug|x64
		{325E20D0-EAC3-4094-A2A0-E59629B71502}.Debug|x64.Build.0 = Debug|x64
		{325E20D0-EAC3-4094-A2A0-E59629B71502}.Debug|x86.ActiveCfg = Debug|Any CPU
		{325E20D0-EAC3-4094-A2A0-E59629B71502}.Debug|x86.Build.0 = Debug|Any CPU
		{325E20D0-EAC3-4094-A2A0-E59629B71502}.Release_Ubuntu|Any CPU.ActiveCfg = Debug|Any CPU
		{325E20D0-EAC3-4094-A2A0-E59629B71502}.Release_Ubuntu|Any CPU.Build.0 = Debug|Any CPU
		{325E20D0-EAC3-4094-A2A0-E59629B71502}.Release_Ubuntu|x64.ActiveCfg = Release|x64
		{325E20D0-EAC3-4094-A2A0-E59629B71502}.Release_Ubuntu|x64.Build.0 = Release|x64
		{325E20D0-EAC3-4094-A2A0-E59629B71502}.Release_Ubuntu|x86.ActiveCfg = Release|Any CPU
		{325E20D0-EAC3-4094-A2A0-E59629B71502}.Release_Ubuntu|x86.Build.0 = Release|Any CPU
		{325E20D0-EAC3-4094-A2A0-E59629B71502}.Release|Any CPU.ActiveCfg = Release|Any CPU
		{325E20D0-EAC3-4094-A2A0-E59629B71502}.Release|Any CPU.Build.0 = Release|Any CPU
		{325E20D0-EAC3-4094-A2A0-E59629B71502}.Release|x64.ActiveCfg = Release|x64
		{325E20D0-EAC3-4094-A2A0-E59629B71502}.Release|x64.Build.0 = Release|x64
		{325E20D0-EAC3-4094-A2A0-E59629B71502}.Release|x86.ActiveCfg = Release|Any CPU
		{325E20D0-EAC3-4094-A2A0-E59629B71502}.Release|x86.Build.0 = Release|Any CPU
		{325E20D0-EAC3-4094-A2A0-E59629B71502}.ReleaseNET40_Only|Any CPU.ActiveCfg = Release|Any CPU
		{325E20D0-EAC3-4094-A2A0-E59629B71502}.ReleaseNET40_Only|Any CPU.Build.0 = Release|Any CPU
		{325E20D0-EAC3-4094-A2A0-E59629B71502}.ReleaseNET40_Only|x64.ActiveCfg = Release|x64
		{325E20D0-EAC3-4094-A2A0-E59629B71502}.ReleaseNET40_Only|x64.Build.0 = Release|x64
		{325E20D0-EAC3-4094-A2A0-E59629B71502}.ReleaseNET40_Only|x86.ActiveCfg = Release|Any CPU
		{325E20D0-EAC3-4094-A2A0-E59629B71502}.ReleaseNET40_Only|x86.Build.0 = Release|Any CPU
		{325E20D0-EAC3-4094-A2A0-E59629B71502}.Signed_Release|Any CPU.ActiveCfg = Release|Any CPU
		{325E20D0-EAC3-4094-A2A0-E59629B71502}.Signed_Release|Any CPU.Build.0 = Release|Any CPU
		{325E20D0-EAC3-4094-A2A0-E59629B71502}.Signed_Release|x64.ActiveCfg = Release|x64
		{325E20D0-EAC3-4094-A2A0-E59629B71502}.Signed_Release|x64.Build.0 = Release|x64
		{325E20D0-EAC3-4094-A2A0-E59629B71502}.Signed_Release|x86.ActiveCfg = Release|Any CPU
		{325E20D0-EAC3-4094-A2A0-E59629B71502}.Signed_Release|x86.Build.0 = Release|Any CPU
		{4C235092-820C-4DEB-9074-D356FB797D8B}.Debug_Ubuntu|Any CPU.ActiveCfg = Debug|Any CPU
		{4C235092-820C-4DEB-9074-D356FB797D8B}.Debug_Ubuntu|Any CPU.Build.0 = Debug|Any CPU
		{4C235092-820C-4DEB-9074-D356FB797D8B}.Debug_Ubuntu|x64.ActiveCfg = Debug|x64
		{4C235092-820C-4DEB-9074-D356FB797D8B}.Debug_Ubuntu|x64.Build.0 = Debug|x64
		{4C235092-820C-4DEB-9074-D356FB797D8B}.Debug_Ubuntu|x86.ActiveCfg = Debug|Any CPU
		{4C235092-820C-4DEB-9074-D356FB797D8B}.Debug_Ubuntu|x86.Build.0 = Debug|Any CPU
		{4C235092-820C-4DEB-9074-D356FB797D8B}.Debug|Any CPU.ActiveCfg = Debug|Any CPU
		{4C235092-820C-4DEB-9074-D356FB797D8B}.Debug|Any CPU.Build.0 = Debug|Any CPU
		{4C235092-820C-4DEB-9074-D356FB797D8B}.Debug|x64.ActiveCfg = Debug|x64
		{4C235092-820C-4DEB-9074-D356FB797D8B}.Debug|x64.Build.0 = Debug|x64
		{4C235092-820C-4DEB-9074-D356FB797D8B}.Debug|x86.ActiveCfg = Debug|Any CPU
		{4C235092-820C-4DEB-9074-D356FB797D8B}.Debug|x86.Build.0 = Debug|Any CPU
		{4C235092-820C-4DEB-9074-D356FB797D8B}.Release_Ubuntu|Any CPU.ActiveCfg = Debug|Any CPU
		{4C235092-820C-4DEB-9074-D356FB797D8B}.Release_Ubuntu|Any CPU.Build.0 = Debug|Any CPU
		{4C235092-820C-4DEB-9074-D356FB797D8B}.Release_Ubuntu|x64.ActiveCfg = Release|x64
		{4C235092-820C-4DEB-9074-D356FB797D8B}.Release_Ubuntu|x64.Build.0 = Release|x64
		{4C235092-820C-4DEB-9074-D356FB797D8B}.Release_Ubuntu|x86.ActiveCfg = Release|Any CPU
		{4C235092-820C-4DEB-9074-D356FB797D8B}.Release_Ubuntu|x86.Build.0 = Release|Any CPU
		{4C235092-820C-4DEB-9074-D356FB797D8B}.Release|Any CPU.ActiveCfg = Release|Any CPU
		{4C235092-820C-4DEB-9074-D356FB797D8B}.Release|Any CPU.Build.0 = Release|Any CPU
		{4C235092-820C-4DEB-9074-D356FB797D8B}.Release|x64.ActiveCfg = Release|x64
		{4C235092-820C-4DEB-9074-D356FB797D8B}.Release|x64.Build.0 = Release|x64
		{4C235092-820C-4DEB-9074-D356FB797D8B}.Release|x86.ActiveCfg = Release|Any CPU
		{4C235092-820C-4DEB-9074-D356FB797D8B}.Release|x86.Build.0 = Release|Any CPU
		{4C235092-820C-4DEB-9074-D356FB797D8B}.ReleaseNET40_Only|Any CPU.ActiveCfg = Release|Any CPU
		{4C235092-820C-4DEB-9074-D356FB797D8B}.ReleaseNET40_Only|Any CPU.Build.0 = Release|Any CPU
		{4C235092-820C-4DEB-9074-D356FB797D8B}.ReleaseNET40_Only|x64.ActiveCfg = Release|x64
		{4C235092-820C-4DEB-9074-D356FB797D8B}.ReleaseNET40_Only|x64.Build.0 = Release|x64
		{4C235092-820C-4DEB-9074-D356FB797D8B}.ReleaseNET40_Only|x86.ActiveCfg = Release|Any CPU
		{4C235092-820C-4DEB-9074-D356FB797D8B}.ReleaseNET40_Only|x86.Build.0 = Release|Any CPU
		{4C235092-820C-4DEB-9074-D356FB797D8B}.Signed_Release|Any CPU.ActiveCfg = Release|Any CPU
		{4C235092-820C-4DEB-9074-D356FB797D8B}.Signed_Release|Any CPU.Build.0 = Release|Any CPU
		{4C235092-820C-4DEB-9074-D356FB797D8B}.Signed_Release|x64.ActiveCfg = Release|x64
		{4C235092-820C-4DEB-9074-D356FB797D8B}.Signed_Release|x64.Build.0 = Release|x64
		{4C235092-820C-4DEB-9074-D356FB797D8B}.Signed_Release|x86.ActiveCfg = Release|Any CPU
		{4C235092-820C-4DEB-9074-D356FB797D8B}.Signed_Release|x86.Build.0 = Release|Any CPU
		{5A6055BC-BF86-4FDD-9F62-0109DB7A303B}.Debug_Ubuntu|Any CPU.ActiveCfg = Debug|Any CPU
		{5A6055BC-BF86-4FDD-9F62-0109DB7A303B}.Debug_Ubuntu|Any CPU.Build.0 = Debug|Any CPU
		{5A6055BC-BF86-4FDD-9F62-0109DB7A303B}.Debug_Ubuntu|x64.ActiveCfg = Debug|x64
		{5A6055BC-BF86-4FDD-9F62-0109DB7A303B}.Debug_Ubuntu|x64.Build.0 = Debug|x64
		{5A6055BC-BF86-4FDD-9F62-0109DB7A303B}.Debug_Ubuntu|x86.ActiveCfg = Debug|Any CPU
		{5A6055BC-BF86-4FDD-9F62-0109DB7A303B}.Debug_Ubuntu|x86.Build.0 = Debug|Any CPU
		{5A6055BC-BF86-4FDD-9F62-0109DB7A303B}.Debug|Any CPU.ActiveCfg = Debug|Any CPU
		{5A6055BC-BF86-4FDD-9F62-0109DB7A303B}.Debug|Any CPU.Build.0 = Debug|Any CPU
		{5A6055BC-BF86-4FDD-9F62-0109DB7A303B}.Debug|x64.ActiveCfg = Debug|x64
		{5A6055BC-BF86-4FDD-9F62-0109DB7A303B}.Debug|x64.Build.0 = Debug|x64
		{5A6055BC-BF86-4FDD-9F62-0109DB7A303B}.Debug|x86.ActiveCfg = Debug|Any CPU
		{5A6055BC-BF86-4FDD-9F62-0109DB7A303B}.Debug|x86.Build.0 = Debug|Any CPU
		{5A6055BC-BF86-4FDD-9F62-0109DB7A303B}.Release_Ubuntu|Any CPU.ActiveCfg = Debug|Any CPU
		{5A6055BC-BF86-4FDD-9F62-0109DB7A303B}.Release_Ubuntu|Any CPU.Build.0 = Debug|Any CPU
		{5A6055BC-BF86-4FDD-9F62-0109DB7A303B}.Release_Ubuntu|x64.ActiveCfg = Release|x64
		{5A6055BC-BF86-4FDD-9F62-0109DB7A303B}.Release_Ubuntu|x64.Build.0 = Release|x64
		{5A6055BC-BF86-4FDD-9F62-0109DB7A303B}.Release_Ubuntu|x86.ActiveCfg = Release|Any CPU
		{5A6055BC-BF86-4FDD-9F62-0109DB7A303B}.Release_Ubuntu|x86.Build.0 = Release|Any CPU
		{5A6055BC-BF86-4FDD-9F62-0109DB7A303B}.Release|Any CPU.ActiveCfg = Release|Any CPU
		{5A6055BC-BF86-4FDD-9F62-0109DB7A303B}.Release|Any CPU.Build.0 = Release|Any CPU
		{5A6055BC-BF86-4FDD-9F62-0109DB7A303B}.Release|x64.ActiveCfg = Release|x64
		{5A6055BC-BF86-4FDD-9F62-0109DB7A303B}.Release|x64.Build.0 = Release|x64
		{5A6055BC-BF86-4FDD-9F62-0109DB7A303B}.Release|x86.ActiveCfg = Release|Any CPU
		{5A6055BC-BF86-4FDD-9F62-0109DB7A303B}.Release|x86.Build.0 = Release|Any CPU
		{5A6055BC-BF86-4FDD-9F62-0109DB7A303B}.ReleaseNET40_Only|Any CPU.ActiveCfg = Release|Any CPU
		{5A6055BC-BF86-4FDD-9F62-0109DB7A303B}.ReleaseNET40_Only|Any CPU.Build.0 = Release|Any CPU
		{5A6055BC-BF86-4FDD-9F62-0109DB7A303B}.ReleaseNET40_Only|x64.ActiveCfg = Release|x64
		{5A6055BC-BF86-4FDD-9F62-0109DB7A303B}.ReleaseNET40_Only|x64.Build.0 = Release|x64
		{5A6055BC-BF86-4FDD-9F62-0109DB7A303B}.ReleaseNET40_Only|x86.ActiveCfg = Release|Any CPU
		{5A6055BC-BF86-4FDD-9F62-0109DB7A303B}.ReleaseNET40_Only|x86.Build.0 = Release|Any CPU
		{5A6055BC-BF86-4FDD-9F62-0109DB7A303B}.Signed_Release|Any CPU.ActiveCfg = Release|Any CPU
		{5A6055BC-BF86-4FDD-9F62-0109DB7A303B}.Signed_Release|Any CPU.Build.0 = Release|Any CPU
		{5A6055BC-BF86-4FDD-9F62-0109DB7A303B}.Signed_Release|x64.ActiveCfg = Release|x64
		{5A6055BC-BF86-4FDD-9F62-0109DB7A303B}.Signed_Release|x64.Build.0 = Release|x64
		{5A6055BC-BF86-4FDD-9F62-0109DB7A303B}.Signed_Release|x86.ActiveCfg = Release|Any CPU
		{5A6055BC-BF86-4FDD-9F62-0109DB7A303B}.Signed_Release|x86.Build.0 = Release|Any CPU
		{6F98A822-41B0-4C7A-85A6-E95C1D3E88EF}.Debug_Ubuntu|Any CPU.ActiveCfg = Debug|Any CPU
		{6F98A822-41B0-4C7A-85A6-E95C1D3E88EF}.Debug_Ubuntu|Any CPU.Build.0 = Debug|Any CPU
		{6F98A822-41B0-4C7A-85A6-E95C1D3E88EF}.Debug_Ubuntu|x64.ActiveCfg = Debug|x64
		{6F98A822-41B0-4C7A-85A6-E95C1D3E88EF}.Debug_Ubuntu|x64.Build.0 = Debug|x64
		{6F98A822-41B0-4C7A-85A6-E95C1D3E88EF}.Debug_Ubuntu|x86.ActiveCfg = Debug|Any CPU
		{6F98A822-41B0-4C7A-85A6-E95C1D3E88EF}.Debug_Ubuntu|x86.Build.0 = Debug|Any CPU
		{6F98A822-41B0-4C7A-85A6-E95C1D3E88EF}.Debug|Any CPU.ActiveCfg = Debug|Any CPU
		{6F98A822-41B0-4C7A-85A6-E95C1D3E88EF}.Debug|Any CPU.Build.0 = Debug|Any CPU
		{6F98A822-41B0-4C7A-85A6-E95C1D3E88EF}.Debug|x64.ActiveCfg = Debug|x64
		{6F98A822-41B0-4C7A-85A6-E95C1D3E88EF}.Debug|x64.Build.0 = Debug|x64
		{6F98A822-41B0-4C7A-85A6-E95C1D3E88EF}.Debug|x86.ActiveCfg = Debug|Any CPU
		{6F98A822-41B0-4C7A-85A6-E95C1D3E88EF}.Debug|x86.Build.0 = Debug|Any CPU
		{6F98A822-41B0-4C7A-85A6-E95C1D3E88EF}.Release_Ubuntu|Any CPU.ActiveCfg = Debug|Any CPU
		{6F98A822-41B0-4C7A-85A6-E95C1D3E88EF}.Release_Ubuntu|Any CPU.Build.0 = Debug|Any CPU
		{6F98A822-41B0-4C7A-85A6-E95C1D3E88EF}.Release_Ubuntu|x64.ActiveCfg = Release|x64
		{6F98A822-41B0-4C7A-85A6-E95C1D3E88EF}.Release_Ubuntu|x64.Build.0 = Release|x64
		{6F98A822-41B0-4C7A-85A6-E95C1D3E88EF}.Release_Ubuntu|x86.ActiveCfg = Release|Any CPU
		{6F98A822-41B0-4C7A-85A6-E95C1D3E88EF}.Release_Ubuntu|x86.Build.0 = Release|Any CPU
		{6F98A822-41B0-4C7A-85A6-E95C1D3E88EF}.Release|Any CPU.ActiveCfg = Release|Any CPU
		{6F98A822-41B0-4C7A-85A6-E95C1D3E88EF}.Release|Any CPU.Build.0 = Release|Any CPU
		{6F98A822-41B0-4C7A-85A6-E95C1D3E88EF}.Release|x64.ActiveCfg = Release|x64
		{6F98A822-41B0-4C7A-85A6-E95C1D3E88EF}.Release|x64.Build.0 = Release|x64
		{6F98A822-41B0-4C7A-85A6-E95C1D3E88EF}.Release|x86.ActiveCfg = Release|Any CPU
		{6F98A822-41B0-4C7A-85A6-E95C1D3E88EF}.Release|x86.Build.0 = Release|Any CPU
		{6F98A822-41B0-4C7A-85A6-E95C1D3E88EF}.ReleaseNET40_Only|Any CPU.ActiveCfg = Release|Any CPU
		{6F98A822-41B0-4C7A-85A6-E95C1D3E88EF}.ReleaseNET40_Only|Any CPU.Build.0 = Release|Any CPU
		{6F98A822-41B0-4C7A-85A6-E95C1D3E88EF}.ReleaseNET40_Only|x64.ActiveCfg = Release|x64
		{6F98A822-41B0-4C7A-85A6-E95C1D3E88EF}.ReleaseNET40_Only|x64.Build.0 = Release|x64
		{6F98A822-41B0-4C7A-85A6-E95C1D3E88EF}.ReleaseNET40_Only|x86.ActiveCfg = Release|Any CPU
		{6F98A822-41B0-4C7A-85A6-E95C1D3E88EF}.ReleaseNET40_Only|x86.Build.0 = Release|Any CPU
		{6F98A822-41B0-4C7A-85A6-E95C1D3E88EF}.Signed_Release|Any CPU.ActiveCfg = Release|Any CPU
		{6F98A822-41B0-4C7A-85A6-E95C1D3E88EF}.Signed_Release|Any CPU.Build.0 = Release|Any CPU
		{6F98A822-41B0-4C7A-85A6-E95C1D3E88EF}.Signed_Release|x64.ActiveCfg = Release|x64
		{6F98A822-41B0-4C7A-85A6-E95C1D3E88EF}.Signed_Release|x64.Build.0 = Release|x64
		{6F98A822-41B0-4C7A-85A6-E95C1D3E88EF}.Signed_Release|x86.ActiveCfg = Release|Any CPU
		{6F98A822-41B0-4C7A-85A6-E95C1D3E88EF}.Signed_Release|x86.Build.0 = Release|Any CPU
		{E9DF5ED1-4CBD-4226-B931-9A51610AC14D}.Debug_Ubuntu|Any CPU.ActiveCfg = Debug|x64
		{E9DF5ED1-4CBD-4226-B931-9A51610AC14D}.Debug_Ubuntu|Any CPU.Build.0 = Debug|x64
		{E9DF5ED1-4CBD-4226-B931-9A51610AC14D}.Debug_Ubuntu|x64.ActiveCfg = Debug|x64
		{E9DF5ED1-4CBD-4226-B931-9A51610AC14D}.Debug_Ubuntu|x64.Build.0 = Debug|x64
		{E9DF5ED1-4CBD-4226-B931-9A51610AC14D}.Debug_Ubuntu|x86.ActiveCfg = Debug|Any CPU
		{E9DF5ED1-4CBD-4226-B931-9A51610AC14D}.Debug_Ubuntu|x86.Build.0 = Debug|Any CPU
		{E9DF5ED1-4CBD-4226-B931-9A51610AC14D}.Debug|Any CPU.ActiveCfg = Debug|Any CPU
		{E9DF5ED1-4CBD-4226-B931-9A51610AC14D}.Debug|Any CPU.Build.0 = Debug|Any CPU
		{E9DF5ED1-4CBD-4226-B931-9A51610AC14D}.Debug|x64.ActiveCfg = Debug|x64
		{E9DF5ED1-4CBD-4226-B931-9A51610AC14D}.Debug|x64.Build.0 = Debug|x64
		{E9DF5ED1-4CBD-4226-B931-9A51610AC14D}.Debug|x86.ActiveCfg = Debug|Any CPU
		{E9DF5ED1-4CBD-4226-B931-9A51610AC14D}.Debug|x86.Build.0 = Debug|Any CPU
		{E9DF5ED1-4CBD-4226-B931-9A51610AC14D}.Release_Ubuntu|Any CPU.ActiveCfg = Debug|x64
		{E9DF5ED1-4CBD-4226-B931-9A51610AC14D}.Release_Ubuntu|Any CPU.Build.0 = Debug|x64
		{E9DF5ED1-4CBD-4226-B931-9A51610AC14D}.Release_Ubuntu|x64.ActiveCfg = ReleaseNET40_Only|x64
		{E9DF5ED1-4CBD-4226-B931-9A51610AC14D}.Release_Ubuntu|x64.Build.0 = ReleaseNET40_Only|x64
		{E9DF5ED1-4CBD-4226-B931-9A51610AC14D}.Release_Ubuntu|x86.ActiveCfg = ReleaseNET40_Only|Any CPU
		{E9DF5ED1-4CBD-4226-B931-9A51610AC14D}.Release_Ubuntu|x86.Build.0 = ReleaseNET40_Only|Any CPU
		{E9DF5ED1-4CBD-4226-B931-9A51610AC14D}.Release|Any CPU.ActiveCfg = Release|Any CPU
		{E9DF5ED1-4CBD-4226-B931-9A51610AC14D}.Release|Any CPU.Build.0 = Release|Any CPU
		{E9DF5ED1-4CBD-4226-B931-9A51610AC14D}.Release|x64.ActiveCfg = Release|x64
		{E9DF5ED1-4CBD-4226-B931-9A51610AC14D}.Release|x64.Build.0 = Release|x64
		{E9DF5ED1-4CBD-4226-B931-9A51610AC14D}.Release|x86.ActiveCfg = Release|Any CPU
		{E9DF5ED1-4CBD-4226-B931-9A51610AC14D}.Release|x86.Build.0 = Release|Any CPU
		{E9DF5ED1-4CBD-4226-B931-9A51610AC14D}.ReleaseNET40_Only|Any CPU.ActiveCfg = ReleaseNET40_Only|Any CPU
		{E9DF5ED1-4CBD-4226-B931-9A51610AC14D}.ReleaseNET40_Only|Any CPU.Build.0 = ReleaseNET40_Only|Any CPU
		{E9DF5ED1-4CBD-4226-B931-9A51610AC14D}.ReleaseNET40_Only|x64.ActiveCfg = ReleaseNET40_Only|x64
		{E9DF5ED1-4CBD-4226-B931-9A51610AC14D}.ReleaseNET40_Only|x64.Build.0 = ReleaseNET40_Only|x64
		{E9DF5ED1-4CBD-4226-B931-9A51610AC14D}.ReleaseNET40_Only|x86.ActiveCfg = ReleaseNET40_Only|Any CPU
		{E9DF5ED1-4CBD-4226-B931-9A51610AC14D}.ReleaseNET40_Only|x86.Build.0 = ReleaseNET40_Only|Any CPU
		{E9DF5ED1-4CBD-4226-B931-9A51610AC14D}.Signed_Release|Any CPU.ActiveCfg = Release|Any CPU
		{E9DF5ED1-4CBD-4226-B931-9A51610AC14D}.Signed_Release|Any CPU.Build.0 = Release|Any CPU
		{E9DF5ED1-4CBD-4226-B931-9A51610AC14D}.Signed_Release|x64.ActiveCfg = Release|x64
		{E9DF5ED1-4CBD-4226-B931-9A51610AC14D}.Signed_Release|x64.Build.0 = Release|x64
		{E9DF5ED1-4CBD-4226-B931-9A51610AC14D}.Signed_Release|x86.ActiveCfg = Release|Any CPU
		{E9DF5ED1-4CBD-4226-B931-9A51610AC14D}.Signed_Release|x86.Build.0 = Release|Any CPU
		{CEA01148-CD2E-4F29-B455-B557B9B4C6D4}.Debug_Ubuntu|Any CPU.ActiveCfg = Debug|Any CPU
		{CEA01148-CD2E-4F29-B455-B557B9B4C6D4}.Debug_Ubuntu|Any CPU.Build.0 = Debug|Any CPU
		{CEA01148-CD2E-4F29-B455-B557B9B4C6D4}.Debug_Ubuntu|x64.ActiveCfg = Debug|x64
		{CEA01148-CD2E-4F29-B455-B557B9B4C6D4}.Debug_Ubuntu|x64.Build.0 = Debug|x64
		{CEA01148-CD2E-4F29-B455-B557B9B4C6D4}.Debug_Ubuntu|x86.ActiveCfg = Debug|Any CPU
		{CEA01148-CD2E-4F29-B455-B557B9B4C6D4}.Debug_Ubuntu|x86.Build.0 = Debug|Any CPU
		{CEA01148-CD2E-4F29-B455-B557B9B4C6D4}.Debug|Any CPU.ActiveCfg = Debug|Any CPU
		{CEA01148-CD2E-4F29-B455-B557B9B4C6D4}.Debug|Any CPU.Build.0 = Debug|Any CPU
		{CEA01148-CD2E-4F29-B455-B557B9B4C6D4}.Debug|x64.ActiveCfg = Debug|x64
		{CEA01148-CD2E-4F29-B455-B557B9B4C6D4}.Debug|x64.Build.0 = Debug|x64
		{CEA01148-CD2E-4F29-B455-B557B9B4C6D4}.Debug|x86.ActiveCfg = Debug|Any CPU
		{CEA01148-CD2E-4F29-B455-B557B9B4C6D4}.Debug|x86.Build.0 = Debug|Any CPU
		{CEA01148-CD2E-4F29-B455-B557B9B4C6D4}.Release_Ubuntu|Any CPU.ActiveCfg = Debug|Any CPU
		{CEA01148-CD2E-4F29-B455-B557B9B4C6D4}.Release_Ubuntu|Any CPU.Build.0 = Debug|Any CPU
		{CEA01148-CD2E-4F29-B455-B557B9B4C6D4}.Release_Ubuntu|x64.ActiveCfg = Release|x64
		{CEA01148-CD2E-4F29-B455-B557B9B4C6D4}.Release_Ubuntu|x64.Build.0 = Release|x64
		{CEA01148-CD2E-4F29-B455-B557B9B4C6D4}.Release_Ubuntu|x86.ActiveCfg = Release|Any CPU
		{CEA01148-CD2E-4F29-B455-B557B9B4C6D4}.Release_Ubuntu|x86.Build.0 = Release|Any CPU
		{CEA01148-CD2E-4F29-B455-B557B9B4C6D4}.Release|Any CPU.ActiveCfg = Release|Any CPU
		{CEA01148-CD2E-4F29-B455-B557B9B4C6D4}.Release|Any CPU.Build.0 = Release|Any CPU
		{CEA01148-CD2E-4F29-B455-B557B9B4C6D4}.Release|x64.ActiveCfg = Release|x64
		{CEA01148-CD2E-4F29-B455-B557B9B4C6D4}.Release|x64.Build.0 = Release|x64
		{CEA01148-CD2E-4F29-B455-B557B9B4C6D4}.Release|x86.ActiveCfg = Release|Any CPU
		{CEA01148-CD2E-4F29-B455-B557B9B4C6D4}.Release|x86.Build.0 = Release|Any CPU
		{CEA01148-CD2E-4F29-B455-B557B9B4C6D4}.ReleaseNET40_Only|Any CPU.ActiveCfg = Release|Any CPU
		{CEA01148-CD2E-4F29-B455-B557B9B4C6D4}.ReleaseNET40_Only|Any CPU.Build.0 = Release|Any CPU
		{CEA01148-CD2E-4F29-B455-B557B9B4C6D4}.ReleaseNET40_Only|x64.ActiveCfg = Release|x64
		{CEA01148-CD2E-4F29-B455-B557B9B4C6D4}.ReleaseNET40_Only|x64.Build.0 = Release|x64
		{CEA01148-CD2E-4F29-B455-B557B9B4C6D4}.ReleaseNET40_Only|x86.ActiveCfg = Release|Any CPU
		{CEA01148-CD2E-4F29-B455-B557B9B4C6D4}.ReleaseNET40_Only|x86.Build.0 = Release|Any CPU
		{CEA01148-CD2E-4F29-B455-B557B9B4C6D4}.Signed_Release|Any CPU.ActiveCfg = Signed_Release|Any CPU
		{CEA01148-CD2E-4F29-B455-B557B9B4C6D4}.Signed_Release|Any CPU.Build.0 = Signed_Release|Any CPU
		{CEA01148-CD2E-4F29-B455-B557B9B4C6D4}.Signed_Release|x64.ActiveCfg = Signed_Release|x64
		{CEA01148-CD2E-4F29-B455-B557B9B4C6D4}.Signed_Release|x64.Build.0 = Signed_Release|x64
		{CEA01148-CD2E-4F29-B455-B557B9B4C6D4}.Signed_Release|x86.ActiveCfg = Signed_Release|Any CPU
		{CEA01148-CD2E-4F29-B455-B557B9B4C6D4}.Signed_Release|x86.Build.0 = Signed_Release|Any CPU
		{34439F5A-D35F-4E70-AB60-A99BC6C12E59}.Debug_Ubuntu|Any CPU.ActiveCfg = Debug|Any CPU
		{34439F5A-D35F-4E70-AB60-A99BC6C12E59}.Debug_Ubuntu|Any CPU.Build.0 = Debug|Any CPU
		{34439F5A-D35F-4E70-AB60-A99BC6C12E59}.Debug_Ubuntu|x64.ActiveCfg = Debug|x64
		{34439F5A-D35F-4E70-AB60-A99BC6C12E59}.Debug_Ubuntu|x64.Build.0 = Debug|x64
		{34439F5A-D35F-4E70-AB60-A99BC6C12E59}.Debug_Ubuntu|x86.ActiveCfg = Debug|Any CPU
		{34439F5A-D35F-4E70-AB60-A99BC6C12E59}.Debug_Ubuntu|x86.Build.0 = Debug|Any CPU
		{34439F5A-D35F-4E70-AB60-A99BC6C12E59}.Debug|Any CPU.ActiveCfg = Debug|Any CPU
		{34439F5A-D35F-4E70-AB60-A99BC6C12E59}.Debug|Any CPU.Build.0 = Debug|Any CPU
		{34439F5A-D35F-4E70-AB60-A99BC6C12E59}.Debug|x64.ActiveCfg = Debug|x64
		{34439F5A-D35F-4E70-AB60-A99BC6C12E59}.Debug|x64.Build.0 = Debug|x64
		{34439F5A-D35F-4E70-AB60-A99BC6C12E59}.Debug|x86.ActiveCfg = Debug|Any CPU
		{34439F5A-D35F-4E70-AB60-A99BC6C12E59}.Debug|x86.Build.0 = Debug|Any CPU
		{34439F5A-D35F-4E70-AB60-A99BC6C12E59}.Release_Ubuntu|Any CPU.ActiveCfg = Debug|Any CPU
		{34439F5A-D35F-4E70-AB60-A99BC6C12E59}.Release_Ubuntu|Any CPU.Build.0 = Debug|Any CPU
		{34439F5A-D35F-4E70-AB60-A99BC6C12E59}.Release_Ubuntu|x64.ActiveCfg = Release|x64
		{34439F5A-D35F-4E70-AB60-A99BC6C12E59}.Release_Ubuntu|x64.Build.0 = Release|x64
		{34439F5A-D35F-4E70-AB60-A99BC6C12E59}.Release_Ubuntu|x86.ActiveCfg = Release|Any CPU
		{34439F5A-D35F-4E70-AB60-A99BC6C12E59}.Release_Ubuntu|x86.Build.0 = Release|Any CPU
		{34439F5A-D35F-4E70-AB60-A99BC6C12E59}.Release|Any CPU.ActiveCfg = Release|Any CPU
		{34439F5A-D35F-4E70-AB60-A99BC6C12E59}.Release|Any CPU.Build.0 = Release|Any CPU
		{34439F5A-D35F-4E70-AB60-A99BC6C12E59}.Release|x64.ActiveCfg = Release|x64
		{34439F5A-D35F-4E70-AB60-A99BC6C12E59}.Release|x64.Build.0 = Release|x64
		{34439F5A-D35F-4E70-AB60-A99BC6C12E59}.Release|x86.ActiveCfg = Release|Any CPU
		{34439F5A-D35F-4E70-AB60-A99BC6C12E59}.Release|x86.Build.0 = Release|Any CPU
		{34439F5A-D35F-4E70-AB60-A99BC6C12E59}.ReleaseNET40_Only|Any CPU.ActiveCfg = Release|Any CPU
		{34439F5A-D35F-4E70-AB60-A99BC6C12E59}.ReleaseNET40_Only|Any CPU.Build.0 = Release|Any CPU
		{34439F5A-D35F-4E70-AB60-A99BC6C12E59}.ReleaseNET40_Only|x64.ActiveCfg = Release|x64
		{34439F5A-D35F-4E70-AB60-A99BC6C12E59}.ReleaseNET40_Only|x64.Build.0 = Release|x64
		{34439F5A-D35F-4E70-AB60-A99BC6C12E59}.ReleaseNET40_Only|x86.ActiveCfg = Release|Any CPU
		{34439F5A-D35F-4E70-AB60-A99BC6C12E59}.ReleaseNET40_Only|x86.Build.0 = Release|Any CPU
		{34439F5A-D35F-4E70-AB60-A99BC6C12E59}.Signed_Release|Any CPU.ActiveCfg = Release|Any CPU
		{34439F5A-D35F-4E70-AB60-A99BC6C12E59}.Signed_Release|Any CPU.Build.0 = Release|Any CPU
		{34439F5A-D35F-4E70-AB60-A99BC6C12E59}.Signed_Release|x64.ActiveCfg = Release|x64
		{34439F5A-D35F-4E70-AB60-A99BC6C12E59}.Signed_Release|x64.Build.0 = Release|x64
		{34439F5A-D35F-4E70-AB60-A99BC6C12E59}.Signed_Release|x86.ActiveCfg = Release|Any CPU
		{34439F5A-D35F-4E70-AB60-A99BC6C12E59}.Signed_Release|x86.Build.0 = Release|Any CPU
		{C898E990-54EB-40AC-9408-E416A838EC77}.Debug_Ubuntu|Any CPU.ActiveCfg = Debug|Any CPU
		{C898E990-54EB-40AC-9408-E416A838EC77}.Debug_Ubuntu|Any CPU.Build.0 = Debug|Any CPU
		{C898E990-54EB-40AC-9408-E416A838EC77}.Debug_Ubuntu|x64.ActiveCfg = Debug|x64
		{C898E990-54EB-40AC-9408-E416A838EC77}.Debug_Ubuntu|x64.Build.0 = Debug|x64
		{C898E990-54EB-40AC-9408-E416A838EC77}.Debug_Ubuntu|x86.ActiveCfg = Debug|Any CPU
		{C898E990-54EB-40AC-9408-E416A838EC77}.Debug_Ubuntu|x86.Build.0 = Debug|Any CPU
		{C898E990-54EB-40AC-9408-E416A838EC77}.Debug|Any CPU.ActiveCfg = Debug|Any CPU
		{C898E990-54EB-40AC-9408-E416A838EC77}.Debug|Any CPU.Build.0 = Debug|Any CPU
		{C898E990-54EB-40AC-9408-E416A838EC77}.Debug|x64.ActiveCfg = Debug|x64
		{C898E990-54EB-40AC-9408-E416A838EC77}.Debug|x64.Build.0 = Debug|x64
		{C898E990-54EB-40AC-9408-E416A838EC77}.Debug|x86.ActiveCfg = Debug|Any CPU
		{C898E990-54EB-40AC-9408-E416A838EC77}.Debug|x86.Build.0 = Debug|Any CPU
		{C898E990-54EB-40AC-9408-E416A838EC77}.Release_Ubuntu|Any CPU.ActiveCfg = Debug|Any CPU
		{C898E990-54EB-40AC-9408-E416A838EC77}.Release_Ubuntu|Any CPU.Build.0 = Debug|Any CPU
		{C898E990-54EB-40AC-9408-E416A838EC77}.Release_Ubuntu|x64.ActiveCfg = Release|x64
		{C898E990-54EB-40AC-9408-E416A838EC77}.Release_Ubuntu|x64.Build.0 = Release|x64
		{C898E990-54EB-40AC-9408-E416A838EC77}.Release_Ubuntu|x86.ActiveCfg = Release|Any CPU
		{C898E990-54EB-40AC-9408-E416A838EC77}.Release_Ubuntu|x86.Build.0 = Release|Any CPU
		{C898E990-54EB-40AC-9408-E416A838EC77}.Release|Any CPU.ActiveCfg = Release|Any CPU
		{C898E990-54EB-40AC-9408-E416A838EC77}.Release|Any CPU.Build.0 = Release|Any CPU
		{C898E990-54EB-40AC-9408-E416A838EC77}.Release|x64.ActiveCfg = Release|x64
		{C898E990-54EB-40AC-9408-E416A838EC77}.Release|x64.Build.0 = Release|x64
		{C898E990-54EB-40AC-9408-E416A838EC77}.Release|x86.ActiveCfg = Release|Any CPU
		{C898E990-54EB-40AC-9408-E416A838EC77}.Release|x86.Build.0 = Release|Any CPU
		{C898E990-54EB-40AC-9408-E416A838EC77}.ReleaseNET40_Only|Any CPU.ActiveCfg = Release|Any CPU
		{C898E990-54EB-40AC-9408-E416A838EC77}.ReleaseNET40_Only|Any CPU.Build.0 = Release|Any CPU
		{C898E990-54EB-40AC-9408-E416A838EC77}.ReleaseNET40_Only|x64.ActiveCfg = Release|x64
		{C898E990-54EB-40AC-9408-E416A838EC77}.ReleaseNET40_Only|x64.Build.0 = Release|x64
		{C898E990-54EB-40AC-9408-E416A838EC77}.ReleaseNET40_Only|x86.ActiveCfg = Release|Any CPU
		{C898E990-54EB-40AC-9408-E416A838EC77}.ReleaseNET40_Only|x86.Build.0 = Release|Any CPU
		{C898E990-54EB-40AC-9408-E416A838EC77}.Signed_Release|Any CPU.ActiveCfg = Release|Any CPU
		{C898E990-54EB-40AC-9408-E416A838EC77}.Signed_Release|Any CPU.Build.0 = Release|Any CPU
		{C898E990-54EB-40AC-9408-E416A838EC77}.Signed_Release|x64.ActiveCfg = Release|x64
		{C898E990-54EB-40AC-9408-E416A838EC77}.Signed_Release|x64.Build.0 = Release|x64
		{C898E990-54EB-40AC-9408-E416A838EC77}.Signed_Release|x86.ActiveCfg = Release|Any CPU
		{C898E990-54EB-40AC-9408-E416A838EC77}.Signed_Release|x86.Build.0 = Release|Any CPU
		{40277739-C6D1-4620-8B05-41B02C3A1EFC}.Debug_Ubuntu|Any CPU.ActiveCfg = Debug|Any CPU
		{40277739-C6D1-4620-8B05-41B02C3A1EFC}.Debug_Ubuntu|Any CPU.Build.0 = Debug|Any CPU
		{40277739-C6D1-4620-8B05-41B02C3A1EFC}.Debug_Ubuntu|x64.ActiveCfg = Debug|x64
		{40277739-C6D1-4620-8B05-41B02C3A1EFC}.Debug_Ubuntu|x64.Build.0 = Debug|x64
		{40277739-C6D1-4620-8B05-41B02C3A1EFC}.Debug_Ubuntu|x86.ActiveCfg = Debug|Any CPU
		{40277739-C6D1-4620-8B05-41B02C3A1EFC}.Debug_Ubuntu|x86.Build.0 = Debug|Any CPU
		{40277739-C6D1-4620-8B05-41B02C3A1EFC}.Debug|Any CPU.ActiveCfg = Debug|Any CPU
		{40277739-C6D1-4620-8B05-41B02C3A1EFC}.Debug|Any CPU.Build.0 = Debug|Any CPU
		{40277739-C6D1-4620-8B05-41B02C3A1EFC}.Debug|x64.ActiveCfg = Debug|x64
		{40277739-C6D1-4620-8B05-41B02C3A1EFC}.Debug|x64.Build.0 = Debug|x64
		{40277739-C6D1-4620-8B05-41B02C3A1EFC}.Debug|x86.ActiveCfg = Debug|Any CPU
		{40277739-C6D1-4620-8B05-41B02C3A1EFC}.Debug|x86.Build.0 = Debug|Any CPU
		{40277739-C6D1-4620-8B05-41B02C3A1EFC}.Release_Ubuntu|Any CPU.ActiveCfg = Debug|Any CPU
		{40277739-C6D1-4620-8B05-41B02C3A1EFC}.Release_Ubuntu|Any CPU.Build.0 = Debug|Any CPU
		{40277739-C6D1-4620-8B05-41B02C3A1EFC}.Release_Ubuntu|x64.ActiveCfg = Release|x64
		{40277739-C6D1-4620-8B05-41B02C3A1EFC}.Release_Ubuntu|x64.Build.0 = Release|x64
		{40277739-C6D1-4620-8B05-41B02C3A1EFC}.Release_Ubuntu|x86.ActiveCfg = Release|Any CPU
		{40277739-C6D1-4620-8B05-41B02C3A1EFC}.Release_Ubuntu|x86.Build.0 = Release|Any CPU
		{40277739-C6D1-4620-8B05-41B02C3A1EFC}.Release|Any CPU.ActiveCfg = Release|Any CPU
		{40277739-C6D1-4620-8B05-41B02C3A1EFC}.Release|Any CPU.Build.0 = Release|Any CPU
		{40277739-C6D1-4620-8B05-41B02C3A1EFC}.Release|x64.ActiveCfg = Release|x64
		{40277739-C6D1-4620-8B05-41B02C3A1EFC}.Release|x64.Build.0 = Release|x64
		{40277739-C6D1-4620-8B05-41B02C3A1EFC}.Release|x86.ActiveCfg = Release|Any CPU
		{40277739-C6D1-4620-8B05-41B02C3A1EFC}.Release|x86.Build.0 = Release|Any CPU
		{40277739-C6D1-4620-8B05-41B02C3A1EFC}.ReleaseNET40_Only|Any CPU.ActiveCfg = Release|Any CPU
		{40277739-C6D1-4620-8B05-41B02C3A1EFC}.ReleaseNET40_Only|Any CPU.Build.0 = Release|Any CPU
		{40277739-C6D1-4620-8B05-41B02C3A1EFC}.ReleaseNET40_Only|x64.ActiveCfg = Release|x64
		{40277739-C6D1-4620-8B05-41B02C3A1EFC}.ReleaseNET40_Only|x64.Build.0 = Release|x64
		{40277739-C6D1-4620-8B05-41B02C3A1EFC}.ReleaseNET40_Only|x86.ActiveCfg = Release|Any CPU
		{40277739-C6D1-4620-8B05-41B02C3A1EFC}.ReleaseNET40_Only|x86.Build.0 = Release|Any CPU
		{40277739-C6D1-4620-8B05-41B02C3A1EFC}.Signed_Release|Any CPU.ActiveCfg = Release|Any CPU
		{40277739-C6D1-4620-8B05-41B02C3A1EFC}.Signed_Release|Any CPU.Build.0 = Release|Any CPU
		{40277739-C6D1-4620-8B05-41B02C3A1EFC}.Signed_Release|x64.ActiveCfg = Release|x64
		{40277739-C6D1-4620-8B05-41B02C3A1EFC}.Signed_Release|x64.Build.0 = Release|x64
		{40277739-C6D1-4620-8B05-41B02C3A1EFC}.Signed_Release|x86.ActiveCfg = Release|Any CPU
		{40277739-C6D1-4620-8B05-41B02C3A1EFC}.Signed_Release|x86.Build.0 = Release|Any CPU
		{355737A7-E486-4D4C-AA5B-DE432C23AEEE}.Debug_Ubuntu|Any CPU.ActiveCfg = Debug|Any CPU
		{355737A7-E486-4D4C-AA5B-DE432C23AEEE}.Debug_Ubuntu|Any CPU.Build.0 = Debug|Any CPU
		{355737A7-E486-4D4C-AA5B-DE432C23AEEE}.Debug_Ubuntu|x64.ActiveCfg = Debug|x64
		{355737A7-E486-4D4C-AA5B-DE432C23AEEE}.Debug_Ubuntu|x64.Build.0 = Debug|x64
		{355737A7-E486-4D4C-AA5B-DE432C23AEEE}.Debug_Ubuntu|x86.ActiveCfg = Debug|Any CPU
		{355737A7-E486-4D4C-AA5B-DE432C23AEEE}.Debug_Ubuntu|x86.Build.0 = Debug|Any CPU
		{355737A7-E486-4D4C-AA5B-DE432C23AEEE}.Debug|Any CPU.ActiveCfg = Debug|Any CPU
		{355737A7-E486-4D4C-AA5B-DE432C23AEEE}.Debug|Any CPU.Build.0 = Debug|Any CPU
		{355737A7-E486-4D4C-AA5B-DE432C23AEEE}.Debug|x64.ActiveCfg = Debug|x64
		{355737A7-E486-4D4C-AA5B-DE432C23AEEE}.Debug|x64.Build.0 = Debug|x64
		{355737A7-E486-4D4C-AA5B-DE432C23AEEE}.Debug|x86.ActiveCfg = Debug|Any CPU
		{355737A7-E486-4D4C-AA5B-DE432C23AEEE}.Debug|x86.Build.0 = Debug|Any CPU
		{355737A7-E486-4D4C-AA5B-DE432C23AEEE}.Release_Ubuntu|Any CPU.ActiveCfg = Debug|Any CPU
		{355737A7-E486-4D4C-AA5B-DE432C23AEEE}.Release_Ubuntu|Any CPU.Build.0 = Debug|Any CPU
		{355737A7-E486-4D4C-AA5B-DE432C23AEEE}.Release_Ubuntu|x64.ActiveCfg = Release|x64
		{355737A7-E486-4D4C-AA5B-DE432C23AEEE}.Release_Ubuntu|x64.Build.0 = Release|x64
		{355737A7-E486-4D4C-AA5B-DE432C23AEEE}.Release_Ubuntu|x86.ActiveCfg = Release|Any CPU
		{355737A7-E486-4D4C-AA5B-DE432C23AEEE}.Release_Ubuntu|x86.Build.0 = Release|Any CPU
		{355737A7-E486-4D4C-AA5B-DE432C23AEEE}.Release|Any CPU.ActiveCfg = Release|Any CPU
		{355737A7-E486-4D4C-AA5B-DE432C23AEEE}.Release|Any CPU.Build.0 = Release|Any CPU
		{355737A7-E486-4D4C-AA5B-DE432C23AEEE}.Release|x64.ActiveCfg = Release|x64
		{355737A7-E486-4D4C-AA5B-DE432C23AEEE}.Release|x64.Build.0 = Release|x64
		{355737A7-E486-4D4C-AA5B-DE432C23AEEE}.Release|x86.ActiveCfg = Release|Any CPU
		{355737A7-E486-4D4C-AA5B-DE432C23AEEE}.Release|x86.Build.0 = Release|Any CPU
		{355737A7-E486-4D4C-AA5B-DE432C23AEEE}.ReleaseNET40_Only|Any CPU.ActiveCfg = Release|Any CPU
		{355737A7-E486-4D4C-AA5B-DE432C23AEEE}.ReleaseNET40_Only|Any CPU.Build.0 = Release|Any CPU
		{355737A7-E486-4D4C-AA5B-DE432C23AEEE}.ReleaseNET40_Only|x64.ActiveCfg = Release|x64
		{355737A7-E486-4D4C-AA5B-DE432C23AEEE}.ReleaseNET40_Only|x64.Build.0 = Release|x64
		{355737A7-E486-4D4C-AA5B-DE432C23AEEE}.ReleaseNET40_Only|x86.ActiveCfg = Release|Any CPU
		{355737A7-E486-4D4C-AA5B-DE432C23AEEE}.ReleaseNET40_Only|x86.Build.0 = Release|Any CPU
		{355737A7-E486-4D4C-AA5B-DE432C23AEEE}.Signed_Release|Any CPU.ActiveCfg = Release|Any CPU
		{355737A7-E486-4D4C-AA5B-DE432C23AEEE}.Signed_Release|Any CPU.Build.0 = Release|Any CPU
		{355737A7-E486-4D4C-AA5B-DE432C23AEEE}.Signed_Release|x64.ActiveCfg = Release|x64
		{355737A7-E486-4D4C-AA5B-DE432C23AEEE}.Signed_Release|x64.Build.0 = Release|x64
		{355737A7-E486-4D4C-AA5B-DE432C23AEEE}.Signed_Release|x86.ActiveCfg = Release|Any CPU
		{355737A7-E486-4D4C-AA5B-DE432C23AEEE}.Signed_Release|x86.Build.0 = Release|Any CPU
		{C6ABB6D8-97A2-4ECF-889F-823E891D798B}.Debug_Ubuntu|Any CPU.ActiveCfg = Debug|Any CPU
		{C6ABB6D8-97A2-4ECF-889F-823E891D798B}.Debug_Ubuntu|Any CPU.Build.0 = Debug|Any CPU
		{C6ABB6D8-97A2-4ECF-889F-823E891D798B}.Debug_Ubuntu|x64.ActiveCfg = Debug|x64
		{C6ABB6D8-97A2-4ECF-889F-823E891D798B}.Debug_Ubuntu|x64.Build.0 = Debug|x64
		{C6ABB6D8-97A2-4ECF-889F-823E891D798B}.Debug_Ubuntu|x86.ActiveCfg = Debug|x86
		{C6ABB6D8-97A2-4ECF-889F-823E891D798B}.Debug_Ubuntu|x86.Build.0 = Debug|x86
		{C6ABB6D8-97A2-4ECF-889F-823E891D798B}.Debug|Any CPU.ActiveCfg = Debug|Any CPU
		{C6ABB6D8-97A2-4ECF-889F-823E891D798B}.Debug|Any CPU.Build.0 = Debug|Any CPU
		{C6ABB6D8-97A2-4ECF-889F-823E891D798B}.Debug|x64.ActiveCfg = Debug|x64
		{C6ABB6D8-97A2-4ECF-889F-823E891D798B}.Debug|x64.Build.0 = Debug|x64
		{C6ABB6D8-97A2-4ECF-889F-823E891D798B}.Debug|x86.ActiveCfg = Debug|x86
		{C6ABB6D8-97A2-4ECF-889F-823E891D798B}.Debug|x86.Build.0 = Debug|x86
		{C6ABB6D8-97A2-4ECF-889F-823E891D798B}.Release_Ubuntu|Any CPU.ActiveCfg = Debug|Any CPU
		{C6ABB6D8-97A2-4ECF-889F-823E891D798B}.Release_Ubuntu|Any CPU.Build.0 = Debug|Any CPU
		{C6ABB6D8-97A2-4ECF-889F-823E891D798B}.Release_Ubuntu|x64.ActiveCfg = Release|x64
		{C6ABB6D8-97A2-4ECF-889F-823E891D798B}.Release_Ubuntu|x64.Build.0 = Release|x64
		{C6ABB6D8-97A2-4ECF-889F-823E891D798B}.Release_Ubuntu|x86.ActiveCfg = Release|x86
		{C6ABB6D8-97A2-4ECF-889F-823E891D798B}.Release_Ubuntu|x86.Build.0 = Release|x86
		{C6ABB6D8-97A2-4ECF-889F-823E891D798B}.Release|Any CPU.ActiveCfg = Release|Any CPU
		{C6ABB6D8-97A2-4ECF-889F-823E891D798B}.Release|Any CPU.Build.0 = Release|Any CPU
		{C6ABB6D8-97A2-4ECF-889F-823E891D798B}.Release|x64.ActiveCfg = Release|x64
		{C6ABB6D8-97A2-4ECF-889F-823E891D798B}.Release|x64.Build.0 = Release|x64
		{C6ABB6D8-97A2-4ECF-889F-823E891D798B}.Release|x86.ActiveCfg = Release|x86
		{C6ABB6D8-97A2-4ECF-889F-823E891D798B}.Release|x86.Build.0 = Release|x86
		{C6ABB6D8-97A2-4ECF-889F-823E891D798B}.ReleaseNET40_Only|Any CPU.ActiveCfg = Release|Any CPU
		{C6ABB6D8-97A2-4ECF-889F-823E891D798B}.ReleaseNET40_Only|Any CPU.Build.0 = Release|Any CPU
		{C6ABB6D8-97A2-4ECF-889F-823E891D798B}.ReleaseNET40_Only|x64.ActiveCfg = Release|x64
		{C6ABB6D8-97A2-4ECF-889F-823E891D798B}.ReleaseNET40_Only|x64.Build.0 = Release|x64
		{C6ABB6D8-97A2-4ECF-889F-823E891D798B}.ReleaseNET40_Only|x86.ActiveCfg = Release|x86
		{C6ABB6D8-97A2-4ECF-889F-823E891D798B}.ReleaseNET40_Only|x86.Build.0 = Release|x86
		{C6ABB6D8-97A2-4ECF-889F-823E891D798B}.Signed_Release|Any CPU.ActiveCfg = Release|Any CPU
		{C6ABB6D8-97A2-4ECF-889F-823E891D798B}.Signed_Release|Any CPU.Build.0 = Release|Any CPU
		{C6ABB6D8-97A2-4ECF-889F-823E891D798B}.Signed_Release|x64.ActiveCfg = Release|x64
		{C6ABB6D8-97A2-4ECF-889F-823E891D798B}.Signed_Release|x64.Build.0 = Release|x64
		{C6ABB6D8-97A2-4ECF-889F-823E891D798B}.Signed_Release|x86.ActiveCfg = Release|x86
		{C6ABB6D8-97A2-4ECF-889F-823E891D798B}.Signed_Release|x86.Build.0 = Release|x86
		{BAEB5060-C5E5-4EC9-BB9D-30400835CF39}.Debug_Ubuntu|Any CPU.ActiveCfg = Debug|Any CPU
		{BAEB5060-C5E5-4EC9-BB9D-30400835CF39}.Debug_Ubuntu|Any CPU.Build.0 = Debug|Any CPU
		{BAEB5060-C5E5-4EC9-BB9D-30400835CF39}.Debug_Ubuntu|x64.ActiveCfg = Debug|x64
		{BAEB5060-C5E5-4EC9-BB9D-30400835CF39}.Debug_Ubuntu|x64.Build.0 = Debug|x64
		{BAEB5060-C5E5-4EC9-BB9D-30400835CF39}.Debug_Ubuntu|x86.ActiveCfg = Debug|x86
		{BAEB5060-C5E5-4EC9-BB9D-30400835CF39}.Debug_Ubuntu|x86.Build.0 = Debug|x86
		{BAEB5060-C5E5-4EC9-BB9D-30400835CF39}.Debug|Any CPU.ActiveCfg = Debug|Any CPU
		{BAEB5060-C5E5-4EC9-BB9D-30400835CF39}.Debug|Any CPU.Build.0 = Debug|Any CPU
		{BAEB5060-C5E5-4EC9-BB9D-30400835CF39}.Debug|x64.ActiveCfg = Debug|x64
		{BAEB5060-C5E5-4EC9-BB9D-30400835CF39}.Debug|x64.Build.0 = Debug|x64
		{BAEB5060-C5E5-4EC9-BB9D-30400835CF39}.Debug|x86.ActiveCfg = Debug|x86
		{BAEB5060-C5E5-4EC9-BB9D-30400835CF39}.Debug|x86.Build.0 = Debug|x86
		{BAEB5060-C5E5-4EC9-BB9D-30400835CF39}.Release_Ubuntu|Any CPU.ActiveCfg = Debug|Any CPU
		{BAEB5060-C5E5-4EC9-BB9D-30400835CF39}.Release_Ubuntu|Any CPU.Build.0 = Debug|Any CPU
		{BAEB5060-C5E5-4EC9-BB9D-30400835CF39}.Release_Ubuntu|x64.ActiveCfg = Release|x64
		{BAEB5060-C5E5-4EC9-BB9D-30400835CF39}.Release_Ubuntu|x64.Build.0 = Release|x64
		{BAEB5060-C5E5-4EC9-BB9D-30400835CF39}.Release_Ubuntu|x86.ActiveCfg = Release|x86
		{BAEB5060-C5E5-4EC9-BB9D-30400835CF39}.Release_Ubuntu|x86.Build.0 = Release|x86
		{BAEB5060-C5E5-4EC9-BB9D-30400835CF39}.Release|Any CPU.ActiveCfg = Release|Any CPU
		{BAEB5060-C5E5-4EC9-BB9D-30400835CF39}.Release|Any CPU.Build.0 = Release|Any CPU
		{BAEB5060-C5E5-4EC9-BB9D-30400835CF39}.Release|x64.ActiveCfg = Release|x64
		{BAEB5060-C5E5-4EC9-BB9D-30400835CF39}.Release|x64.Build.0 = Release|x64
		{BAEB5060-C5E5-4EC9-BB9D-30400835CF39}.Release|x86.ActiveCfg = Release|x86
		{BAEB5060-C5E5-4EC9-BB9D-30400835CF39}.Release|x86.Build.0 = Release|x86
		{BAEB5060-C5E5-4EC9-BB9D-30400835CF39}.ReleaseNET40_Only|Any CPU.ActiveCfg = Release|Any CPU
		{BAEB5060-C5E5-4EC9-BB9D-30400835CF39}.ReleaseNET40_Only|Any CPU.Build.0 = Release|Any CPU
		{BAEB5060-C5E5-4EC9-BB9D-30400835CF39}.ReleaseNET40_Only|x64.ActiveCfg = Release|x64
		{BAEB5060-C5E5-4EC9-BB9D-30400835CF39}.ReleaseNET40_Only|x64.Build.0 = Release|x64
		{BAEB5060-C5E5-4EC9-BB9D-30400835CF39}.ReleaseNET40_Only|x86.ActiveCfg = Release|x86
		{BAEB5060-C5E5-4EC9-BB9D-30400835CF39}.ReleaseNET40_Only|x86.Build.0 = Release|x86
		{BAEB5060-C5E5-4EC9-BB9D-30400835CF39}.Signed_Release|Any CPU.ActiveCfg = Release|Any CPU
		{BAEB5060-C5E5-4EC9-BB9D-30400835CF39}.Signed_Release|Any CPU.Build.0 = Release|Any CPU
		{BAEB5060-C5E5-4EC9-BB9D-30400835CF39}.Signed_Release|x64.ActiveCfg = Release|x64
		{BAEB5060-C5E5-4EC9-BB9D-30400835CF39}.Signed_Release|x64.Build.0 = Release|x64
		{BAEB5060-C5E5-4EC9-BB9D-30400835CF39}.Signed_Release|x86.ActiveCfg = Release|x86
		{BAEB5060-C5E5-4EC9-BB9D-30400835CF39}.Signed_Release|x86.Build.0 = Release|x86
		{2155327D-386A-4F80-81FB-918A4442C834}.Debug_Ubuntu|Any CPU.ActiveCfg = Debug|Any CPU
		{2155327D-386A-4F80-81FB-918A4442C834}.Debug_Ubuntu|Any CPU.Build.0 = Debug|Any CPU
		{2155327D-386A-4F80-81FB-918A4442C834}.Debug_Ubuntu|x64.ActiveCfg = Debug|x64
		{2155327D-386A-4F80-81FB-918A4442C834}.Debug_Ubuntu|x64.Build.0 = Debug|x64
		{2155327D-386A-4F80-81FB-918A4442C834}.Debug_Ubuntu|x86.ActiveCfg = Debug|Any CPU
		{2155327D-386A-4F80-81FB-918A4442C834}.Debug_Ubuntu|x86.Build.0 = Debug|Any CPU
		{2155327D-386A-4F80-81FB-918A4442C834}.Debug|Any CPU.ActiveCfg = Debug|Any CPU
		{2155327D-386A-4F80-81FB-918A4442C834}.Debug|Any CPU.Build.0 = Debug|Any CPU
		{2155327D-386A-4F80-81FB-918A4442C834}.Debug|x64.ActiveCfg = Debug|x64
		{2155327D-386A-4F80-81FB-918A4442C834}.Debug|x64.Build.0 = Debug|x64
		{2155327D-386A-4F80-81FB-918A4442C834}.Debug|x86.ActiveCfg = Debug|Any CPU
		{2155327D-386A-4F80-81FB-918A4442C834}.Debug|x86.Build.0 = Debug|Any CPU
		{2155327D-386A-4F80-81FB-918A4442C834}.Release_Ubuntu|Any CPU.ActiveCfg = Debug|Any CPU
		{2155327D-386A-4F80-81FB-918A4442C834}.Release_Ubuntu|Any CPU.Build.0 = Debug|Any CPU
		{2155327D-386A-4F80-81FB-918A4442C834}.Release_Ubuntu|x64.ActiveCfg = Release|x64
		{2155327D-386A-4F80-81FB-918A4442C834}.Release_Ubuntu|x64.Build.0 = Release|x64
		{2155327D-386A-4F80-81FB-918A4442C834}.Release_Ubuntu|x86.ActiveCfg = Release|Any CPU
		{2155327D-386A-4F80-81FB-918A4442C834}.Release_Ubuntu|x86.Build.0 = Release|Any CPU
		{2155327D-386A-4F80-81FB-918A4442C834}.Release|Any CPU.ActiveCfg = Release|Any CPU
		{2155327D-386A-4F80-81FB-918A4442C834}.Release|Any CPU.Build.0 = Release|Any CPU
		{2155327D-386A-4F80-81FB-918A4442C834}.Release|x64.ActiveCfg = Release|x64
		{2155327D-386A-4F80-81FB-918A4442C834}.Release|x64.Build.0 = Release|x64
		{2155327D-386A-4F80-81FB-918A4442C834}.Release|x86.ActiveCfg = Release|Any CPU
		{2155327D-386A-4F80-81FB-918A4442C834}.Release|x86.Build.0 = Release|Any CPU
		{2155327D-386A-4F80-81FB-918A4442C834}.ReleaseNET40_Only|Any CPU.ActiveCfg = Release|Any CPU
		{2155327D-386A-4F80-81FB-918A4442C834}.ReleaseNET40_Only|Any CPU.Build.0 = Release|Any CPU
		{2155327D-386A-4F80-81FB-918A4442C834}.ReleaseNET40_Only|x64.ActiveCfg = Release|x64
		{2155327D-386A-4F80-81FB-918A4442C834}.ReleaseNET40_Only|x64.Build.0 = Release|x64
		{2155327D-386A-4F80-81FB-918A4442C834}.ReleaseNET40_Only|x86.ActiveCfg = Release|Any CPU
		{2155327D-386A-4F80-81FB-918A4442C834}.ReleaseNET40_Only|x86.Build.0 = Release|Any CPU
		{2155327D-386A-4F80-81FB-918A4442C834}.Signed_Release|Any CPU.ActiveCfg = Release|Any CPU
		{2155327D-386A-4F80-81FB-918A4442C834}.Signed_Release|Any CPU.Build.0 = Release|Any CPU
		{2155327D-386A-4F80-81FB-918A4442C834}.Signed_Release|x64.ActiveCfg = Release|x64
		{2155327D-386A-4F80-81FB-918A4442C834}.Signed_Release|x64.Build.0 = Release|x64
		{2155327D-386A-4F80-81FB-918A4442C834}.Signed_Release|x86.ActiveCfg = Release|Any CPU
		{2155327D-386A-4F80-81FB-918A4442C834}.Signed_Release|x86.Build.0 = Release|Any CPU
		{D3B0AD67-44D8-4B3D-BED9-CE1FD6DE2C5A}.Debug_Ubuntu|Any CPU.ActiveCfg = Debug|Any CPU
		{D3B0AD67-44D8-4B3D-BED9-CE1FD6DE2C5A}.Debug_Ubuntu|Any CPU.Build.0 = Debug|Any CPU
		{D3B0AD67-44D8-4B3D-BED9-CE1FD6DE2C5A}.Debug_Ubuntu|x64.ActiveCfg = Debug|x64
		{D3B0AD67-44D8-4B3D-BED9-CE1FD6DE2C5A}.Debug_Ubuntu|x64.Build.0 = Debug|x64
		{D3B0AD67-44D8-4B3D-BED9-CE1FD6DE2C5A}.Debug_Ubuntu|x86.ActiveCfg = Debug|Any CPU
		{D3B0AD67-44D8-4B3D-BED9-CE1FD6DE2C5A}.Debug_Ubuntu|x86.Build.0 = Debug|Any CPU
		{D3B0AD67-44D8-4B3D-BED9-CE1FD6DE2C5A}.Debug|Any CPU.ActiveCfg = Debug|Any CPU
		{D3B0AD67-44D8-4B3D-BED9-CE1FD6DE2C5A}.Debug|Any CPU.Build.0 = Debug|Any CPU
		{D3B0AD67-44D8-4B3D-BED9-CE1FD6DE2C5A}.Debug|x64.ActiveCfg = Debug|x64
		{D3B0AD67-44D8-4B3D-BED9-CE1FD6DE2C5A}.Debug|x64.Build.0 = Debug|x64
		{D3B0AD67-44D8-4B3D-BED9-CE1FD6DE2C5A}.Debug|x86.ActiveCfg = Debug|Any CPU
		{D3B0AD67-44D8-4B3D-BED9-CE1FD6DE2C5A}.Debug|x86.Build.0 = Debug|Any CPU
		{D3B0AD67-44D8-4B3D-BED9-CE1FD6DE2C5A}.Release_Ubuntu|Any CPU.ActiveCfg = Debug|Any CPU
		{D3B0AD67-44D8-4B3D-BED9-CE1FD6DE2C5A}.Release_Ubuntu|Any CPU.Build.0 = Debug|Any CPU
		{D3B0AD67-44D8-4B3D-BED9-CE1FD6DE2C5A}.Release_Ubuntu|x64.ActiveCfg = Release|x64
		{D3B0AD67-44D8-4B3D-BED9-CE1FD6DE2C5A}.Release_Ubuntu|x64.Build.0 = Release|x64
		{D3B0AD67-44D8-4B3D-BED9-CE1FD6DE2C5A}.Release_Ubuntu|x86.ActiveCfg = Release|Any CPU
		{D3B0AD67-44D8-4B3D-BED9-CE1FD6DE2C5A}.Release_Ubuntu|x86.Build.0 = Release|Any CPU
		{D3B0AD67-44D8-4B3D-BED9-CE1FD6DE2C5A}.Release|Any CPU.ActiveCfg = Release|Any CPU
		{D3B0AD67-44D8-4B3D-BED9-CE1FD6DE2C5A}.Release|Any CPU.Build.0 = Release|Any CPU
		{D3B0AD67-44D8-4B3D-BED9-CE1FD6DE2C5A}.Release|x64.ActiveCfg = Release|x64
		{D3B0AD67-44D8-4B3D-BED9-CE1FD6DE2C5A}.Release|x64.Build.0 = Release|x64
		{D3B0AD67-44D8-4B3D-BED9-CE1FD6DE2C5A}.Release|x86.ActiveCfg = Release|Any CPU
		{D3B0AD67-44D8-4B3D-BED9-CE1FD6DE2C5A}.Release|x86.Build.0 = Release|Any CPU
		{D3B0AD67-44D8-4B3D-BED9-CE1FD6DE2C5A}.ReleaseNET40_Only|Any CPU.ActiveCfg = Release|Any CPU
		{D3B0AD67-44D8-4B3D-BED9-CE1FD6DE2C5A}.ReleaseNET40_Only|Any CPU.Build.0 = Release|Any CPU
		{D3B0AD67-44D8-4B3D-BED9-CE1FD6DE2C5A}.ReleaseNET40_Only|x64.ActiveCfg = Release|x64
		{D3B0AD67-44D8-4B3D-BED9-CE1FD6DE2C5A}.ReleaseNET40_Only|x64.Build.0 = Release|x64
		{D3B0AD67-44D8-4B3D-BED9-CE1FD6DE2C5A}.ReleaseNET40_Only|x86.ActiveCfg = Release|Any CPU
		{D3B0AD67-44D8-4B3D-BED9-CE1FD6DE2C5A}.ReleaseNET40_Only|x86.Build.0 = Release|Any CPU
		{D3B0AD67-44D8-4B3D-BED9-CE1FD6DE2C5A}.Signed_Release|Any CPU.ActiveCfg = Release|Any CPU
		{D3B0AD67-44D8-4B3D-BED9-CE1FD6DE2C5A}.Signed_Release|Any CPU.Build.0 = Release|Any CPU
		{D3B0AD67-44D8-4B3D-BED9-CE1FD6DE2C5A}.Signed_Release|x64.ActiveCfg = Release|x64
		{D3B0AD67-44D8-4B3D-BED9-CE1FD6DE2C5A}.Signed_Release|x64.Build.0 = Release|x64
		{D3B0AD67-44D8-4B3D-BED9-CE1FD6DE2C5A}.Signed_Release|x86.ActiveCfg = Release|Any CPU
		{D3B0AD67-44D8-4B3D-BED9-CE1FD6DE2C5A}.Signed_Release|x86.Build.0 = Release|Any CPU
		{5F6579BD-8BC2-4680-902D-A06B362D600A}.Debug_Ubuntu|Any CPU.ActiveCfg = Debug|Any CPU
		{5F6579BD-8BC2-4680-902D-A06B362D600A}.Debug_Ubuntu|Any CPU.Build.0 = Debug|Any CPU
		{5F6579BD-8BC2-4680-902D-A06B362D600A}.Debug_Ubuntu|x64.ActiveCfg = Debug|x64
		{5F6579BD-8BC2-4680-902D-A06B362D600A}.Debug_Ubuntu|x64.Build.0 = Debug|x64
		{5F6579BD-8BC2-4680-902D-A06B362D600A}.Debug_Ubuntu|x86.ActiveCfg = Debug|Any CPU
		{5F6579BD-8BC2-4680-902D-A06B362D600A}.Debug_Ubuntu|x86.Build.0 = Debug|Any CPU
		{5F6579BD-8BC2-4680-902D-A06B362D600A}.Debug|Any CPU.ActiveCfg = Debug|Any CPU
		{5F6579BD-8BC2-4680-902D-A06B362D600A}.Debug|Any CPU.Build.0 = Debug|Any CPU
		{5F6579BD-8BC2-4680-902D-A06B362D600A}.Debug|x64.ActiveCfg = Debug|x64
		{5F6579BD-8BC2-4680-902D-A06B362D600A}.Debug|x64.Build.0 = Debug|x64
		{5F6579BD-8BC2-4680-902D-A06B362D600A}.Debug|x86.ActiveCfg = Debug|Any CPU
		{5F6579BD-8BC2-4680-902D-A06B362D600A}.Debug|x86.Build.0 = Debug|Any CPU
		{5F6579BD-8BC2-4680-902D-A06B362D600A}.Release_Ubuntu|Any CPU.ActiveCfg = Debug|Any CPU
		{5F6579BD-8BC2-4680-902D-A06B362D600A}.Release_Ubuntu|Any CPU.Build.0 = Debug|Any CPU
		{5F6579BD-8BC2-4680-902D-A06B362D600A}.Release_Ubuntu|x64.ActiveCfg = Release|x64
		{5F6579BD-8BC2-4680-902D-A06B362D600A}.Release_Ubuntu|x64.Build.0 = Release|x64
		{5F6579BD-8BC2-4680-902D-A06B362D600A}.Release_Ubuntu|x86.ActiveCfg = Release|Any CPU
		{5F6579BD-8BC2-4680-902D-A06B362D600A}.Release_Ubuntu|x86.Build.0 = Release|Any CPU
		{5F6579BD-8BC2-4680-902D-A06B362D600A}.Release|Any CPU.ActiveCfg = Release|Any CPU
		{5F6579BD-8BC2-4680-902D-A06B362D600A}.Release|Any CPU.Build.0 = Release|Any CPU
		{5F6579BD-8BC2-4680-902D-A06B362D600A}.Release|x64.ActiveCfg = Release|x64
		{5F6579BD-8BC2-4680-902D-A06B362D600A}.Release|x64.Build.0 = Release|x64
		{5F6579BD-8BC2-4680-902D-A06B362D600A}.Release|x86.ActiveCfg = Release|Any CPU
		{5F6579BD-8BC2-4680-902D-A06B362D600A}.Release|x86.Build.0 = Release|Any CPU
		{5F6579BD-8BC2-4680-902D-A06B362D600A}.ReleaseNET40_Only|Any CPU.ActiveCfg = Release|Any CPU
		{5F6579BD-8BC2-4680-902D-A06B362D600A}.ReleaseNET40_Only|Any CPU.Build.0 = Release|Any CPU
		{5F6579BD-8BC2-4680-902D-A06B362D600A}.ReleaseNET40_Only|x64.ActiveCfg = Release|x64
		{5F6579BD-8BC2-4680-902D-A06B362D600A}.ReleaseNET40_Only|x64.Build.0 = Release|x64
		{5F6579BD-8BC2-4680-902D-A06B362D600A}.ReleaseNET40_Only|x86.ActiveCfg = Release|Any CPU
		{5F6579BD-8BC2-4680-902D-A06B362D600A}.ReleaseNET40_Only|x86.Build.0 = Release|Any CPU
		{5F6579BD-8BC2-4680-902D-A06B362D600A}.Signed_Release|Any CPU.ActiveCfg = Release|Any CPU
		{5F6579BD-8BC2-4680-902D-A06B362D600A}.Signed_Release|Any CPU.Build.0 = Release|Any CPU
		{5F6579BD-8BC2-4680-902D-A06B362D600A}.Signed_Release|x64.ActiveCfg = Release|x64
		{5F6579BD-8BC2-4680-902D-A06B362D600A}.Signed_Release|x64.Build.0 = Release|x64
		{5F6579BD-8BC2-4680-902D-A06B362D600A}.Signed_Release|x86.ActiveCfg = Release|Any CPU
		{5F6579BD-8BC2-4680-902D-A06B362D600A}.Signed_Release|x86.Build.0 = Release|Any CPU
		{84054FF4-9321-41E7-B377-AFEEC402BA22}.Debug_Ubuntu|Any CPU.ActiveCfg = Debug|x86
		{84054FF4-9321-41E7-B377-AFEEC402BA22}.Debug_Ubuntu|Any CPU.Build.0 = Debug|x86
		{84054FF4-9321-41E7-B377-AFEEC402BA22}.Debug_Ubuntu|x64.ActiveCfg = Debug|x64
		{84054FF4-9321-41E7-B377-AFEEC402BA22}.Debug_Ubuntu|x64.Build.0 = Debug|x64
		{84054FF4-9321-41E7-B377-AFEEC402BA22}.Debug_Ubuntu|x86.ActiveCfg = Debug|x86
		{84054FF4-9321-41E7-B377-AFEEC402BA22}.Debug_Ubuntu|x86.Build.0 = Debug|x86
		{84054FF4-9321-41E7-B377-AFEEC402BA22}.Debug|Any CPU.ActiveCfg = Debug|x64
		{84054FF4-9321-41E7-B377-AFEEC402BA22}.Debug|Any CPU.Build.0 = Debug|x64
		{84054FF4-9321-41E7-B377-AFEEC402BA22}.Debug|x64.ActiveCfg = Debug|x64
		{84054FF4-9321-41E7-B377-AFEEC402BA22}.Debug|x64.Build.0 = Debug|x64
		{84054FF4-9321-41E7-B377-AFEEC402BA22}.Debug|x86.ActiveCfg = Debug|x64
		{84054FF4-9321-41E7-B377-AFEEC402BA22}.Debug|x86.Build.0 = Debug|x64
		{84054FF4-9321-41E7-B377-AFEEC402BA22}.Release_Ubuntu|Any CPU.ActiveCfg = Debug|x86
		{84054FF4-9321-41E7-B377-AFEEC402BA22}.Release_Ubuntu|Any CPU.Build.0 = Debug|x86
		{84054FF4-9321-41E7-B377-AFEEC402BA22}.Release_Ubuntu|x64.ActiveCfg = Release|x64
		{84054FF4-9321-41E7-B377-AFEEC402BA22}.Release_Ubuntu|x64.Build.0 = Release|x64
		{84054FF4-9321-41E7-B377-AFEEC402BA22}.Release_Ubuntu|x86.ActiveCfg = Release|x86
		{84054FF4-9321-41E7-B377-AFEEC402BA22}.Release_Ubuntu|x86.Build.0 = Release|x86
		{84054FF4-9321-41E7-B377-AFEEC402BA22}.Release|Any CPU.ActiveCfg = Release|x64
		{84054FF4-9321-41E7-B377-AFEEC402BA22}.Release|Any CPU.Build.0 = Release|x64
		{84054FF4-9321-41E7-B377-AFEEC402BA22}.Release|x64.ActiveCfg = Release|x64
		{84054FF4-9321-41E7-B377-AFEEC402BA22}.Release|x64.Build.0 = Release|x64
		{84054FF4-9321-41E7-B377-AFEEC402BA22}.Release|x86.ActiveCfg = Release|x64
		{84054FF4-9321-41E7-B377-AFEEC402BA22}.Release|x86.Build.0 = Release|x64
		{84054FF4-9321-41E7-B377-AFEEC402BA22}.ReleaseNET40_Only|Any CPU.ActiveCfg = Debug|x64
		{84054FF4-9321-41E7-B377-AFEEC402BA22}.ReleaseNET40_Only|Any CPU.Build.0 = Debug|x64
		{84054FF4-9321-41E7-B377-AFEEC402BA22}.ReleaseNET40_Only|x64.ActiveCfg = Debug|x64
		{84054FF4-9321-41E7-B377-AFEEC402BA22}.ReleaseNET40_Only|x64.Build.0 = Debug|x64
		{84054FF4-9321-41E7-B377-AFEEC402BA22}.ReleaseNET40_Only|x86.ActiveCfg = Debug|x64
		{84054FF4-9321-41E7-B377-AFEEC402BA22}.ReleaseNET40_Only|x86.Build.0 = Debug|x64
		{84054FF4-9321-41E7-B377-AFEEC402BA22}.Signed_Release|Any CPU.ActiveCfg = Debug|x64
		{84054FF4-9321-41E7-B377-AFEEC402BA22}.Signed_Release|Any CPU.Build.0 = Debug|x64
		{84054FF4-9321-41E7-B377-AFEEC402BA22}.Signed_Release|x64.ActiveCfg = Debug|x64
		{84054FF4-9321-41E7-B377-AFEEC402BA22}.Signed_Release|x64.Build.0 = Debug|x64
		{84054FF4-9321-41E7-B377-AFEEC402BA22}.Signed_Release|x86.ActiveCfg = Debug|x64
		{84054FF4-9321-41E7-B377-AFEEC402BA22}.Signed_Release|x86.Build.0 = Debug|x64
		{B357BAC7-529E-4D81-A0D2-71041B19C8DE}.Debug_Ubuntu|Any CPU.ActiveCfg = Debug_Ubuntu|Any CPU
		{B357BAC7-529E-4D81-A0D2-71041B19C8DE}.Debug_Ubuntu|Any CPU.Build.0 = Debug_Ubuntu|Any CPU
		{B357BAC7-529E-4D81-A0D2-71041B19C8DE}.Debug_Ubuntu|x64.ActiveCfg = Debug_Ubuntu|x64
		{B357BAC7-529E-4D81-A0D2-71041B19C8DE}.Debug_Ubuntu|x64.Build.0 = Debug_Ubuntu|x64
		{B357BAC7-529E-4D81-A0D2-71041B19C8DE}.Debug_Ubuntu|x86.ActiveCfg = Debug_Ubuntu|Any CPU
		{B357BAC7-529E-4D81-A0D2-71041B19C8DE}.Debug_Ubuntu|x86.Build.0 = Debug_Ubuntu|Any CPU
		{B357BAC7-529E-4D81-A0D2-71041B19C8DE}.Debug|Any CPU.ActiveCfg = Debug|Any CPU
		{B357BAC7-529E-4D81-A0D2-71041B19C8DE}.Debug|Any CPU.Build.0 = Debug|Any CPU
		{B357BAC7-529E-4D81-A0D2-71041B19C8DE}.Debug|x64.ActiveCfg = Debug|x64
		{B357BAC7-529E-4D81-A0D2-71041B19C8DE}.Debug|x64.Build.0 = Debug|x64
		{B357BAC7-529E-4D81-A0D2-71041B19C8DE}.Debug|x86.ActiveCfg = Debug|Any CPU
		{B357BAC7-529E-4D81-A0D2-71041B19C8DE}.Debug|x86.Build.0 = Debug|Any CPU
		{B357BAC7-529E-4D81-A0D2-71041B19C8DE}.Release_Ubuntu|Any CPU.ActiveCfg = Release_Ubuntu|Any CPU
		{B357BAC7-529E-4D81-A0D2-71041B19C8DE}.Release_Ubuntu|Any CPU.Build.0 = Release_Ubuntu|Any CPU
		{B357BAC7-529E-4D81-A0D2-71041B19C8DE}.Release_Ubuntu|x64.ActiveCfg = Release_Ubuntu|x64
		{B357BAC7-529E-4D81-A0D2-71041B19C8DE}.Release_Ubuntu|x64.Build.0 = Release_Ubuntu|x64
		{B357BAC7-529E-4D81-A0D2-71041B19C8DE}.Release_Ubuntu|x86.ActiveCfg = Release_Ubuntu|Any CPU
		{B357BAC7-529E-4D81-A0D2-71041B19C8DE}.Release_Ubuntu|x86.Build.0 = Release_Ubuntu|Any CPU
		{B357BAC7-529E-4D81-A0D2-71041B19C8DE}.Release|Any CPU.ActiveCfg = Release|Any CPU
		{B357BAC7-529E-4D81-A0D2-71041B19C8DE}.Release|Any CPU.Build.0 = Release|Any CPU
		{B357BAC7-529E-4D81-A0D2-71041B19C8DE}.Release|x64.ActiveCfg = Release|x64
		{B357BAC7-529E-4D81-A0D2-71041B19C8DE}.Release|x64.Build.0 = Release|x64
		{B357BAC7-529E-4D81-A0D2-71041B19C8DE}.Release|x86.ActiveCfg = Release|Any CPU
		{B357BAC7-529E-4D81-A0D2-71041B19C8DE}.Release|x86.Build.0 = Release|Any CPU
		{B357BAC7-529E-4D81-A0D2-71041B19C8DE}.ReleaseNET40_Only|Any CPU.ActiveCfg = Debug|x64
		{B357BAC7-529E-4D81-A0D2-71041B19C8DE}.ReleaseNET40_Only|Any CPU.Build.0 = Debug|x64
		{B357BAC7-529E-4D81-A0D2-71041B19C8DE}.ReleaseNET40_Only|x64.ActiveCfg = Debug|x64
		{B357BAC7-529E-4D81-A0D2-71041B19C8DE}.ReleaseNET40_Only|x64.Build.0 = Debug|x64
		{B357BAC7-529E-4D81-A0D2-71041B19C8DE}.ReleaseNET40_Only|x86.ActiveCfg = Release|Any CPU
		{B357BAC7-529E-4D81-A0D2-71041B19C8DE}.ReleaseNET40_Only|x86.Build.0 = Release|Any CPU
		{B357BAC7-529E-4D81-A0D2-71041B19C8DE}.Signed_Release|Any CPU.ActiveCfg = Debug|x64
		{B357BAC7-529E-4D81-A0D2-71041B19C8DE}.Signed_Release|Any CPU.Build.0 = Debug|x64
		{B357BAC7-529E-4D81-A0D2-71041B19C8DE}.Signed_Release|x64.ActiveCfg = Debug|x64
		{B357BAC7-529E-4D81-A0D2-71041B19C8DE}.Signed_Release|x64.Build.0 = Debug|x64
		{B357BAC7-529E-4D81-A0D2-71041B19C8DE}.Signed_Release|x86.ActiveCfg = Release|Any CPU
		{B357BAC7-529E-4D81-A0D2-71041B19C8DE}.Signed_Release|x86.Build.0 = Release|Any CPU
	EndGlobalSection
	GlobalSection(SolutionProperties) = preSolution
		HideSolutionNode = FALSE
	EndGlobalSection
	GlobalSection(ExtensibilityGlobals) = postSolution
		SolutionGuid = {9269E1FD-5462-4C6E-8E4D-21C63616B6F7}
	EndGlobalSection
EndGlobal
